// !$*UTF8*$!
{
	archiveVersion = 1;
	classes = {
	};
	objectVersion = 51;
	objects = {

/* Begin PBXBuildFile section */
		798D84ED62EDBDEA42FA6006 /* Pods_Spirits.framework in Frameworks */ = {isa = PBXBuildFile; fileRef = 27F677C219CD82559BFE571A /* Pods_Spirits.framework */; };
		9800EDB32328DA0A00505974 /* RYAwardToastView.swift in Sources */ = {isa = PBXBuildFile; fileRef = 9800EDB22328DA0A00505974 /* RYAwardToastView.swift */; };
		9800EDB52328DA1F00505974 /* RYAwardToastView.xib in Resources */ = {isa = PBXBuildFile; fileRef = 9800EDB42328DA1F00505974 /* RYAwardToastView.xib */; };
		9804694F2249F78A0098671B /* AppDelegate.swift in Sources */ = {isa = PBXBuildFile; fileRef = 9804694E2249F78A0098671B /* AppDelegate.swift */; };
		980469542249F78A0098671B /* Main.storyboard in Resources */ = {isa = PBXBuildFile; fileRef = 980469522249F78A0098671B /* Main.storyboard */; };
		980469562249F78B0098671B /* Assets.xcassets in Resources */ = {isa = PBXBuildFile; fileRef = 980469552249F78B0098671B /* Assets.xcassets */; };
		980603D122C22D5B008C72E9 /* RYEncryptor.swift in Sources */ = {isa = PBXBuildFile; fileRef = 980603D022C22D5B008C72E9 /* RYEncryptor.swift */; };
		98068C542264266D0003CB8A /* RYAPIRequester.swift in Sources */ = {isa = PBXBuildFile; fileRef = 98068C532264266D0003CB8A /* RYAPIRequester.swift */; };
		98068C56226454C90003CB8A /* RYTypeItem.swift in Sources */ = {isa = PBXBuildFile; fileRef = 98068C55226454C90003CB8A /* RYTypeItem.swift */; };
		98068C5822646D570003CB8A /* RYTypeContentItem.swift in Sources */ = {isa = PBXBuildFile; fileRef = 98068C5722646D570003CB8A /* RYTypeContentItem.swift */; };
		98068C5B226473500003CB8A /* RYTypeListRequestManager.swift in Sources */ = {isa = PBXBuildFile; fileRef = 98068C5A226473500003CB8A /* RYTypeListRequestManager.swift */; };
		98068C5D226489380003CB8A /* RYFavoritesRequester.swift in Sources */ = {isa = PBXBuildFile; fileRef = 98068C5C226489380003CB8A /* RYFavoritesRequester.swift */; };
		98068C5F226490A50003CB8A /* RYRequestProtocol.swift in Sources */ = {isa = PBXBuildFile; fileRef = 98068C5E226490A50003CB8A /* RYRequestProtocol.swift */; };
		980745B1225C3FAC00D1F9D2 /* RYColors.swift in Sources */ = {isa = PBXBuildFile; fileRef = 980745B0225C3FAC00D1F9D2 /* RYColors.swift */; };
		980745B3225C450000D1F9D2 /* RYGradientView.swift in Sources */ = {isa = PBXBuildFile; fileRef = 980745B2225C450000D1F9D2 /* RYGradientView.swift */; };
		980745B5225C4AB600D1F9D2 /* RYBasedViewController.swift in Sources */ = {isa = PBXBuildFile; fileRef = 980745B4225C4AB600D1F9D2 /* RYBasedViewController.swift */; };
		980745B7225C4C9600D1F9D2 /* RYBasedCollectionViewCell.swift in Sources */ = {isa = PBXBuildFile; fileRef = 980745B6225C4C9600D1F9D2 /* RYBasedCollectionViewCell.swift */; };
		980745BA225C76F900D1F9D2 /* RYProfileCell.swift in Sources */ = {isa = PBXBuildFile; fileRef = 980745B9225C76F900D1F9D2 /* RYProfileCell.swift */; };
		980745BD225C8FB300D1F9D2 /* RYUserDefaultCenter.swift in Sources */ = {isa = PBXBuildFile; fileRef = 980745BC225C8FB300D1F9D2 /* RYUserDefaultCenter.swift */; };
		980745BF225C906E00D1F9D2 /* RYProfileCenter.swift in Sources */ = {isa = PBXBuildFile; fileRef = 980745BE225C906E00D1F9D2 /* RYProfileCenter.swift */; };
		980745C1225C95A700D1F9D2 /* RYIndexPathRecorder.swift in Sources */ = {isa = PBXBuildFile; fileRef = 980745C0225C95A700D1F9D2 /* RYIndexPathRecorder.swift */; };
		980745C4225D97BF00D1F9D2 /* RYPublishPage.swift in Sources */ = {isa = PBXBuildFile; fileRef = 980745C3225D97BF00D1F9D2 /* RYPublishPage.swift */; };
		980745C6225D9C3F00D1F9D2 /* RYPublishChooseTypeCell.swift in Sources */ = {isa = PBXBuildFile; fileRef = 980745C5225D9C3F00D1F9D2 /* RYPublishChooseTypeCell.swift */; };
		980745C8225D9C6500D1F9D2 /* RYPublishTitleFillCell.swift in Sources */ = {isa = PBXBuildFile; fileRef = 980745C7225D9C6500D1F9D2 /* RYPublishTitleFillCell.swift */; };
		980745CA225D9C7700D1F9D2 /* RYPublishContentFillCell.swift in Sources */ = {isa = PBXBuildFile; fileRef = 980745C9225D9C7700D1F9D2 /* RYPublishContentFillCell.swift */; };
		980745CC225DCCAA00D1F9D2 /* RYCellFolder.swift in Sources */ = {isa = PBXBuildFile; fileRef = 980745CB225DCCAA00D1F9D2 /* RYCellFolder.swift */; };
		980745CE225DEDFE00D1F9D2 /* RYShakeable.swift in Sources */ = {isa = PBXBuildFile; fileRef = 980745CD225DEDFE00D1F9D2 /* RYShakeable.swift */; };
		98093A8822602D09001A5D9C /* RYBaseTextField.swift in Sources */ = {isa = PBXBuildFile; fileRef = 98093A8722602D09001A5D9C /* RYBaseTextField.swift */; };
		98093A8A226038EA001A5D9C /* RYLoginAndRegiserToast.swift in Sources */ = {isa = PBXBuildFile; fileRef = 98093A89226038EA001A5D9C /* RYLoginAndRegiserToast.swift */; };
		98093A8C22603938001A5D9C /* RYLoginAndRegiserToast.xib in Resources */ = {isa = PBXBuildFile; fileRef = 98093A8B22603938001A5D9C /* RYLoginAndRegiserToast.xib */; };
		98093A8E226043C3001A5D9C /* RYBaseButton.swift in Sources */ = {isa = PBXBuildFile; fileRef = 98093A8D226043C3001A5D9C /* RYBaseButton.swift */; };
		98093A912260706C001A5D9C /* RYLoginRequester.swift in Sources */ = {isa = PBXBuildFile; fileRef = 98093A902260706C001A5D9C /* RYLoginRequester.swift */; };
		98093A93226072DC001A5D9C /* RYAPICenter.swift in Sources */ = {isa = PBXBuildFile; fileRef = 98093A92226072DC001A5D9C /* RYAPICenter.swift */; };
		98093A9522607D06001A5D9C /* RYIndicatorViewVisible.swift in Sources */ = {isa = PBXBuildFile; fileRef = 98093A9422607D06001A5D9C /* RYIndicatorViewVisible.swift */; };
		98093A97226099BA001A5D9C /* RYPreferencesFooterView.swift in Sources */ = {isa = PBXBuildFile; fileRef = 98093A96226099BA001A5D9C /* RYPreferencesFooterView.swift */; };
		98093A99226099C6001A5D9C /* RYPreferencesFooterView.xib in Resources */ = {isa = PBXBuildFile; fileRef = 98093A98226099C6001A5D9C /* RYPreferencesFooterView.xib */; };
		980BB17D2283D1E600BA548F /* Ad.storyboard in Resources */ = {isa = PBXBuildFile; fileRef = 980BB17C2283D1E600BA548F /* Ad.storyboard */; };
		980BB17F2283D27A00BA548F /* RYAdsPage.swift in Sources */ = {isa = PBXBuildFile; fileRef = 980BB17E2283D27A00BA548F /* RYAdsPage.swift */; };
		980C454B22CB072B00AF77B2 /* TencentOpenAPI.framework in Frameworks */ = {isa = PBXBuildFile; fileRef = 980C454A22CB072B00AF77B2 /* TencentOpenAPI.framework */; };
		980C64F0231E0A4E0090E593 /* RYWebView.swift in Sources */ = {isa = PBXBuildFile; fileRef = 980C64EF231E0A4E0090E593 /* RYWebView.swift */; };
		980C64F3231E59930090E593 /* RYDebugCase.swift in Sources */ = {isa = PBXBuildFile; fileRef = 980C64F2231E59930090E593 /* RYDebugCase.swift */; };
		980F51D9231F6A090016C46F /* RYNewsSinglePicCell.swift in Sources */ = {isa = PBXBuildFile; fileRef = 980F51D4231F6A090016C46F /* RYNewsSinglePicCell.swift */; };
		980F51DA231F6A090016C46F /* RYNewsNoPicCell.swift in Sources */ = {isa = PBXBuildFile; fileRef = 980F51D5231F6A090016C46F /* RYNewsNoPicCell.swift */; };
		980F51DB231F6A090016C46F /* RYNewsThreePicsCell.swift in Sources */ = {isa = PBXBuildFile; fileRef = 980F51D6231F6A090016C46F /* RYNewsThreePicsCell.swift */; };
		980F51DC231F6A090016C46F /* RYNewsFlagCell.swift in Sources */ = {isa = PBXBuildFile; fileRef = 980F51D7231F6A090016C46F /* RYNewsFlagCell.swift */; };
		980F51DD231F6A090016C46F /* RYNewsVideoCell.swift in Sources */ = {isa = PBXBuildFile; fileRef = 980F51D8231F6A090016C46F /* RYNewsVideoCell.swift */; };
		980F51E1231F84710016C46F /* RYNewsRequester.swift in Sources */ = {isa = PBXBuildFile; fileRef = 980F51E0231F84710016C46F /* RYNewsRequester.swift */; };
		980F51E3231F9EDA0016C46F /* RYNewsFlagCell.xib in Resources */ = {isa = PBXBuildFile; fileRef = 980F51E2231F9EDA0016C46F /* RYNewsFlagCell.xib */; };
		980F51E5231F9F510016C46F /* RYNewsSinglePicCell.xib in Resources */ = {isa = PBXBuildFile; fileRef = 980F51E4231F9F510016C46F /* RYNewsSinglePicCell.xib */; };
		980F51E7231FA1650016C46F /* RYNewsNoPicCell.xib in Resources */ = {isa = PBXBuildFile; fileRef = 980F51E6231FA1650016C46F /* RYNewsNoPicCell.xib */; };
		980F51E9231FA1E50016C46F /* RYNewsThreePicsCell.xib in Resources */ = {isa = PBXBuildFile; fileRef = 980F51E8231FA1E50016C46F /* RYNewsThreePicsCell.xib */; };
		980F51EB231FA2DE0016C46F /* RYNewsVideoCell.xib in Resources */ = {isa = PBXBuildFile; fileRef = 980F51EA231FA2DE0016C46F /* RYNewsVideoCell.xib */; };
		980F51EE231FA9EA0016C46F /* RYNewsCollectionItemCell.swift in Sources */ = {isa = PBXBuildFile; fileRef = 980F51EC231FA9EA0016C46F /* RYNewsCollectionItemCell.swift */; };
		980F51EF231FA9EA0016C46F /* RYNewsCollectionItemCell.xib in Resources */ = {isa = PBXBuildFile; fileRef = 980F51ED231FA9EA0016C46F /* RYNewsCollectionItemCell.xib */; };
		980F51F1231FB0A60016C46F /* RYFlagsView.swift in Sources */ = {isa = PBXBuildFile; fileRef = 980F51F0231FB0A60016C46F /* RYFlagsView.swift */; };
		980F51F3231FB0B00016C46F /* RYFlagsView.xib in Resources */ = {isa = PBXBuildFile; fileRef = 980F51F2231FB0B00016C46F /* RYFlagsView.xib */; };
		980F51F5231FC2700016C46F /* RYWebPage.swift in Sources */ = {isa = PBXBuildFile; fileRef = 980F51F4231FC2700016C46F /* RYWebPage.swift */; };
		98102968228BF9ED0075945E /* RYLevelButton.swift in Sources */ = {isa = PBXBuildFile; fileRef = 98102967228BF9ED0075945E /* RYLevelButton.swift */; };
		9810296F228C0EEB0075945E /* RYCoachMarksView.m in Sources */ = {isa = PBXBuildFile; fileRef = 9810296D228C0EEB0075945E /* RYCoachMarksView.m */; };
		98102971228C17460075945E /* RYCoachManager.swift in Sources */ = {isa = PBXBuildFile; fileRef = 98102970228C17460075945E /* RYCoachManager.swift */; };
		9812B6BA225EEFA3007ADA16 /* RYFavoritesContainerPage.swift in Sources */ = {isa = PBXBuildFile; fileRef = 9812B6B9225EEFA3007ADA16 /* RYFavoritesContainerPage.swift */; };
		9812B6BD225EF175007ADA16 /* RYFavoritesTopTypeCell.swift in Sources */ = {isa = PBXBuildFile; fileRef = 9812B6BB225EF175007ADA16 /* RYFavoritesTopTypeCell.swift */; };
		9812B6BE225EF175007ADA16 /* RYFavoritesTopTypeCell.xib in Resources */ = {isa = PBXBuildFile; fileRef = 9812B6BC225EF175007ADA16 /* RYFavoritesTopTypeCell.xib */; };
		9812B6C1225F062A007ADA16 /* RYFavoritesContentCell.swift in Sources */ = {isa = PBXBuildFile; fileRef = 9812B6BF225F062A007ADA16 /* RYFavoritesContentCell.swift */; };
		9812B6C2225F062A007ADA16 /* RYFavoritesContentCell.xib in Resources */ = {isa = PBXBuildFile; fileRef = 9812B6C0225F062A007ADA16 /* RYFavoritesContentCell.xib */; };
		9812B6C4225F1CA3007ADA16 /* RYIndexRecorder.swift in Sources */ = {isa = PBXBuildFile; fileRef = 9812B6C3225F1CA3007ADA16 /* RYIndexRecorder.swift */; };
		9812B6CC225F56D6007ADA16 /* RYLoginPannel.swift in Sources */ = {isa = PBXBuildFile; fileRef = 9812B6CB225F56D6007ADA16 /* RYLoginPannel.swift */; };
		9816520D231CFC3500A92696 /* RYEntryPage.swift in Sources */ = {isa = PBXBuildFile; fileRef = 9816520C231CFC3500A92696 /* RYEntryPage.swift */; };
		98165212231D035900A92696 /* RYWebViewCell.swift in Sources */ = {isa = PBXBuildFile; fileRef = 98165210231D035900A92696 /* RYWebViewCell.swift */; };
		98165213231D035900A92696 /* RYWebViewCell.xib in Resources */ = {isa = PBXBuildFile; fileRef = 98165211231D035900A92696 /* RYWebViewCell.xib */; };
		98192B4E2265B02200D680FD /* RYSwipeViewBuffer.swift in Sources */ = {isa = PBXBuildFile; fileRef = 98192B4D2265B02200D680FD /* RYSwipeViewBuffer.swift */; };
		982420C2227160BB005B9D4F /* RYThirdPartiesShareManager.swift in Sources */ = {isa = PBXBuildFile; fileRef = 982420C1227160BB005B9D4F /* RYThirdPartiesShareManager.swift */; };
		98295A5422681F560057667A /* RYActivityIndicatorView.swift in Sources */ = {isa = PBXBuildFile; fileRef = 98295A5322681F560057667A /* RYActivityIndicatorView.swift */; };
		98306A6B23C42DDB00431480 /* RYAdsLoader.swift in Sources */ = {isa = PBXBuildFile; fileRef = 98306A6A23C42DDB00431480 /* RYAdsLoader.swift */; };
		983D34B42282887C00FE17AC /* RYAdsDataCenter.swift in Sources */ = {isa = PBXBuildFile; fileRef = 983D34B32282887C00FE17AC /* RYAdsDataCenter.swift */; };
		983D34B72282B84A00FE17AC /* String+Crypto.swift in Sources */ = {isa = PBXBuildFile; fileRef = 983D34B62282B84A00FE17AC /* String+Crypto.swift */; };
		983D34B92282B8C600FE17AC /* Data+Crypto.swift in Sources */ = {isa = PBXBuildFile; fileRef = 983D34B82282B8C600FE17AC /* Data+Crypto.swift */; };
		983F7CA8224A240B0050C7BD /* RYCardsPool.swift in Sources */ = {isa = PBXBuildFile; fileRef = 983F7CA7224A240B0050C7BD /* RYCardsPool.swift */; };
		983F7CAA224A24DC0050C7BD /* RYPreferencesPage.swift in Sources */ = {isa = PBXBuildFile; fileRef = 983F7CA9224A24DC0050C7BD /* RYPreferencesPage.swift */; };
		983F7CAC224A25080050C7BD /* RYFavoritesPage.swift in Sources */ = {isa = PBXBuildFile; fileRef = 983F7CAB224A25080050C7BD /* RYFavoritesPage.swift */; };
		983F7CAF224A2BB80050C7BD /* WebPage.storyboard in Resources */ = {isa = PBXBuildFile; fileRef = 983F7CAE224A2BB80050C7BD /* WebPage.storyboard */; };
		983F7CB3224A2E9C0050C7BD /* RYWKLeakAvoider.swift in Sources */ = {isa = PBXBuildFile; fileRef = 983F7CB2224A2E9C0050C7BD /* RYWKLeakAvoider.swift */; };
		983F7CB7224A30510050C7BD /* StoryboardHelper.swift in Sources */ = {isa = PBXBuildFile; fileRef = 983F7CB6224A30510050C7BD /* StoryboardHelper.swift */; };
		983F7CBD224A39FD0050C7BD /* RYFormatter.swift in Sources */ = {isa = PBXBuildFile; fileRef = 983F7CBC224A39FD0050C7BD /* RYFormatter.swift */; };
		984BB2BB22699CF2008D2CDA /* RYDisplay.swift in Sources */ = {isa = PBXBuildFile; fileRef = 984BB2BA22699CF2008D2CDA /* RYDisplay.swift */; };
		984BB2C422699D7E008D2CDA /* launchImage3.5.png in Resources */ = {isa = PBXBuildFile; fileRef = 984BB2BD22699D7D008D2CDA /* launchImage3.5.png */; };
		984BB2C522699D7E008D2CDA /* launchImage4.7.png in Resources */ = {isa = PBXBuildFile; fileRef = 984BB2BE22699D7D008D2CDA /* launchImage4.7.png */; };
		984BB2C622699D7E008D2CDA /* launchImage5.8.png in Resources */ = {isa = PBXBuildFile; fileRef = 984BB2BF22699D7D008D2CDA /* launchImage5.8.png */; };
		984BB2C722699D7E008D2CDA /* launchImage6.5.png in Resources */ = {isa = PBXBuildFile; fileRef = 984BB2C022699D7D008D2CDA /* launchImage6.5.png */; };
		984BB2C822699D7E008D2CDA /* launchImage6.1.png in Resources */ = {isa = PBXBuildFile; fileRef = 984BB2C122699D7D008D2CDA /* launchImage6.1.png */; };
		984BB2C922699D7E008D2CDA /* launchImage5.5.png in Resources */ = {isa = PBXBuildFile; fileRef = 984BB2C222699D7E008D2CDA /* launchImage5.5.png */; };
		984BB2CA22699D7E008D2CDA /* launchImage4.png in Resources */ = {isa = PBXBuildFile; fileRef = 984BB2C322699D7E008D2CDA /* launchImage4.png */; };
		984E6B0D23C843FC00A33A7D /* RYCountDownView.swift in Sources */ = {isa = PBXBuildFile; fileRef = 984E6B0C23C843FC00A33A7D /* RYCountDownView.swift */; };
		9856CDE62284371C00AA2900 /* RYAdsCell.swift in Sources */ = {isa = PBXBuildFile; fileRef = 9856CDE42284371C00AA2900 /* RYAdsCell.swift */; };
		9856CDE72284371C00AA2900 /* RYAdsCell.xib in Resources */ = {isa = PBXBuildFile; fileRef = 9856CDE52284371C00AA2900 /* RYAdsCell.xib */; };
		9856CDEA2284382D00AA2900 /* RYAdItemCollectionCell.swift in Sources */ = {isa = PBXBuildFile; fileRef = 9856CDE82284382D00AA2900 /* RYAdItemCollectionCell.swift */; };
		9856CDEB2284382D00AA2900 /* RYAdItemCollectionCell.xib in Resources */ = {isa = PBXBuildFile; fileRef = 9856CDE92284382D00AA2900 /* RYAdItemCollectionCell.xib */; };
		986A3564225B2DB200137307 /* RYTypesShowPage.swift in Sources */ = {isa = PBXBuildFile; fileRef = 986A3563225B2DB200137307 /* RYTypesShowPage.swift */; };
		986A356D225B47E700137307 /* RYTypeCell.swift in Sources */ = {isa = PBXBuildFile; fileRef = 986A356C225B47E700137307 /* RYTypeCell.swift */; };
		986A356F225B58EE00137307 /* RYShadowView.swift in Sources */ = {isa = PBXBuildFile; fileRef = 986A356E225B58EE00137307 /* RYShadowView.swift */; };
		986EB85C228547B600145ED8 /* UIView+RoundCorner.swift in Sources */ = {isa = PBXBuildFile; fileRef = 986EB85B228547B600145ED8 /* UIView+RoundCorner.swift */; };
		986EB85E22854C5A00145ED8 /* RYAdsRecorder.swift in Sources */ = {isa = PBXBuildFile; fileRef = 986EB85D22854C5A00145ED8 /* RYAdsRecorder.swift */; };
		986EB8602285532600145ED8 /* RYAdsView.swift in Sources */ = {isa = PBXBuildFile; fileRef = 986EB85F2285532600145ED8 /* RYAdsView.swift */; };
		986EB8622285533500145ED8 /* RYAdsView.xib in Resources */ = {isa = PBXBuildFile; fileRef = 986EB8612285533500145ED8 /* RYAdsView.xib */; };
		986EB86422855AFB00145ED8 /* RYNibLoadable.swift in Sources */ = {isa = PBXBuildFile; fileRef = 986EB86322855AFB00145ED8 /* RYNibLoadable.swift */; };
		987252B722CCB86300F7325A /* WeiboSDK.bundle in Resources */ = {isa = PBXBuildFile; fileRef = 987252B322CCB86300F7325A /* WeiboSDK.bundle */; };
		987252B822CCB86300F7325A /* libWeiboSDK.a in Frameworks */ = {isa = PBXBuildFile; fileRef = 987252B422CCB86300F7325A /* libWeiboSDK.a */; };
		987252BA22CCC30900F7325A /* Photos.framework in Frameworks */ = {isa = PBXBuildFile; fileRef = 987252B922CCC30900F7325A /* Photos.framework */; };
		989ACDD22326216700520748 /* RYBaseNavigationController.swift in Sources */ = {isa = PBXBuildFile; fileRef = 989ACDD12326216700520748 /* RYBaseNavigationController.swift */; };
		98A04F8B2269AD0700F9AD53 /* RYDeviceInfoCollector.swift in Sources */ = {isa = PBXBuildFile; fileRef = 98A04F892269AD0600F9AD53 /* RYDeviceInfoCollector.swift */; };
		98A04F8C2269AD0700F9AD53 /* RYLaunchHelper.swift in Sources */ = {isa = PBXBuildFile; fileRef = 98A04F8A2269AD0700F9AD53 /* RYLaunchHelper.swift */; };
		98A04F912269B13400F9AD53 /* Launch.storyboard in Resources */ = {isa = PBXBuildFile; fileRef = 98A04F8F2269B13400F9AD53 /* Launch.storyboard */; };
		98A04F922269B13400F9AD53 /* RYLanuchPage.swift in Sources */ = {isa = PBXBuildFile; fileRef = 98A04F902269B13400F9AD53 /* RYLanuchPage.swift */; };
		98A04F942269B53700F9AD53 /* preparation.xcassets in Resources */ = {isa = PBXBuildFile; fileRef = 98A04F932269B53700F9AD53 /* preparation.xcassets */; };
		98AC4FC4224B166B00752490 /* RYNavigationController.swift in Sources */ = {isa = PBXBuildFile; fileRef = 98AC4FC3224B166B00752490 /* RYNavigationController.swift */; };
		98D9406C232792660005BAC4 /* RYNewsTitleCell.swift in Sources */ = {isa = PBXBuildFile; fileRef = 98D9406A232792660005BAC4 /* RYNewsTitleCell.swift */; };
		98D9406D232792660005BAC4 /* RYNewsTitleCell.xib in Resources */ = {isa = PBXBuildFile; fileRef = 98D9406B232792660005BAC4 /* RYNewsTitleCell.xib */; };
		98DAE8E922C356DE004F15F5 /* RSA.m in Sources */ = {isa = PBXBuildFile; fileRef = 98DAE8E722C356DD004F15F5 /* RSA.m */; };
		98DAE8EB22C35CED004F15F5 /* RYEncryptHelper.swift in Sources */ = {isa = PBXBuildFile; fileRef = 98DAE8EA22C35CED004F15F5 /* RYEncryptHelper.swift */; };
/* End PBXBuildFile section */

/* Begin PBXFileReference section */
		27F677C219CD82559BFE571A /* Pods_Spirits.framework */ = {isa = PBXFileReference; explicitFileType = wrapper.framework; includeInIndex = 0; path = Pods_Spirits.framework; sourceTree = BUILT_PRODUCTS_DIR; };
		8C1F6093431E4987FA462E04 /* Pods-Spirits.debug.xcconfig */ = {isa = PBXFileReference; includeInIndex = 1; lastKnownFileType = text.xcconfig; name = "Pods-Spirits.debug.xcconfig"; path = "Pods/Target Support Files/Pods-Spirits/Pods-Spirits.debug.xcconfig"; sourceTree = "<group>"; };
		9800EDB22328DA0A00505974 /* RYAwardToastView.swift */ = {isa = PBXFileReference; lastKnownFileType = sourcecode.swift; path = RYAwardToastView.swift; sourceTree = "<group>"; };
		9800EDB42328DA1F00505974 /* RYAwardToastView.xib */ = {isa = PBXFileReference; lastKnownFileType = file.xib; path = RYAwardToastView.xib; sourceTree = "<group>"; };
		9804694B2249F78A0098671B /* Spirits.app */ = {isa = PBXFileReference; explicitFileType = wrapper.application; includeInIndex = 0; path = Spirits.app; sourceTree = BUILT_PRODUCTS_DIR; };
		9804694E2249F78A0098671B /* AppDelegate.swift */ = {isa = PBXFileReference; lastKnownFileType = sourcecode.swift; path = AppDelegate.swift; sourceTree = "<group>"; };
		980469532249F78A0098671B /* Base */ = {isa = PBXFileReference; lastKnownFileType = file.storyboard; name = Base; path = Base.lproj/Main.storyboard; sourceTree = "<group>"; };
		980469552249F78B0098671B /* Assets.xcassets */ = {isa = PBXFileReference; lastKnownFileType = folder.assetcatalog; path = Assets.xcassets; sourceTree = "<group>"; };
		9804695A2249F78B0098671B /* Info.plist */ = {isa = PBXFileReference; lastKnownFileType = text.plist.xml; path = Info.plist; sourceTree = "<group>"; };
		980603D022C22D5B008C72E9 /* RYEncryptor.swift */ = {isa = PBXFileReference; lastKnownFileType = sourcecode.swift; path = RYEncryptor.swift; sourceTree = "<group>"; };
		98068C532264266D0003CB8A /* RYAPIRequester.swift */ = {isa = PBXFileReference; lastKnownFileType = sourcecode.swift; path = RYAPIRequester.swift; sourceTree = "<group>"; };
		98068C55226454C90003CB8A /* RYTypeItem.swift */ = {isa = PBXFileReference; lastKnownFileType = sourcecode.swift; path = RYTypeItem.swift; sourceTree = "<group>"; };
		98068C5722646D570003CB8A /* RYTypeContentItem.swift */ = {isa = PBXFileReference; lastKnownFileType = sourcecode.swift; path = RYTypeContentItem.swift; sourceTree = "<group>"; };
		98068C5A226473500003CB8A /* RYTypeListRequestManager.swift */ = {isa = PBXFileReference; lastKnownFileType = sourcecode.swift; path = RYTypeListRequestManager.swift; sourceTree = "<group>"; };
		98068C5C226489380003CB8A /* RYFavoritesRequester.swift */ = {isa = PBXFileReference; lastKnownFileType = sourcecode.swift; path = RYFavoritesRequester.swift; sourceTree = "<group>"; };
		98068C5E226490A50003CB8A /* RYRequestProtocol.swift */ = {isa = PBXFileReference; lastKnownFileType = sourcecode.swift; path = RYRequestProtocol.swift; sourceTree = "<group>"; };
		980745B0225C3FAC00D1F9D2 /* RYColors.swift */ = {isa = PBXFileReference; lastKnownFileType = sourcecode.swift; path = RYColors.swift; sourceTree = "<group>"; };
		980745B2225C450000D1F9D2 /* RYGradientView.swift */ = {isa = PBXFileReference; lastKnownFileType = sourcecode.swift; path = RYGradientView.swift; sourceTree = "<group>"; };
		980745B4225C4AB600D1F9D2 /* RYBasedViewController.swift */ = {isa = PBXFileReference; lastKnownFileType = sourcecode.swift; path = RYBasedViewController.swift; sourceTree = "<group>"; };
		980745B6225C4C9600D1F9D2 /* RYBasedCollectionViewCell.swift */ = {isa = PBXFileReference; lastKnownFileType = sourcecode.swift; path = RYBasedCollectionViewCell.swift; sourceTree = "<group>"; };
		980745B9225C76F900D1F9D2 /* RYProfileCell.swift */ = {isa = PBXFileReference; lastKnownFileType = sourcecode.swift; path = RYProfileCell.swift; sourceTree = "<group>"; };
		980745BC225C8FB300D1F9D2 /* RYUserDefaultCenter.swift */ = {isa = PBXFileReference; lastKnownFileType = sourcecode.swift; path = RYUserDefaultCenter.swift; sourceTree = "<group>"; };
		980745BE225C906E00D1F9D2 /* RYProfileCenter.swift */ = {isa = PBXFileReference; lastKnownFileType = sourcecode.swift; path = RYProfileCenter.swift; sourceTree = "<group>"; };
		980745C0225C95A700D1F9D2 /* RYIndexPathRecorder.swift */ = {isa = PBXFileReference; lastKnownFileType = sourcecode.swift; path = RYIndexPathRecorder.swift; sourceTree = "<group>"; };
		980745C3225D97BF00D1F9D2 /* RYPublishPage.swift */ = {isa = PBXFileReference; lastKnownFileType = sourcecode.swift; path = RYPublishPage.swift; sourceTree = "<group>"; };
		980745C5225D9C3F00D1F9D2 /* RYPublishChooseTypeCell.swift */ = {isa = PBXFileReference; lastKnownFileType = sourcecode.swift; path = RYPublishChooseTypeCell.swift; sourceTree = "<group>"; };
		980745C7225D9C6500D1F9D2 /* RYPublishTitleFillCell.swift */ = {isa = PBXFileReference; lastKnownFileType = sourcecode.swift; path = RYPublishTitleFillCell.swift; sourceTree = "<group>"; };
		980745C9225D9C7700D1F9D2 /* RYPublishContentFillCell.swift */ = {isa = PBXFileReference; lastKnownFileType = sourcecode.swift; path = RYPublishContentFillCell.swift; sourceTree = "<group>"; };
		980745CB225DCCAA00D1F9D2 /* RYCellFolder.swift */ = {isa = PBXFileReference; lastKnownFileType = sourcecode.swift; path = RYCellFolder.swift; sourceTree = "<group>"; };
		980745CD225DEDFE00D1F9D2 /* RYShakeable.swift */ = {isa = PBXFileReference; lastKnownFileType = sourcecode.swift; path = RYShakeable.swift; sourceTree = "<group>"; };
		98093A8722602D09001A5D9C /* RYBaseTextField.swift */ = {isa = PBXFileReference; lastKnownFileType = sourcecode.swift; path = RYBaseTextField.swift; sourceTree = "<group>"; };
		98093A89226038EA001A5D9C /* RYLoginAndRegiserToast.swift */ = {isa = PBXFileReference; lastKnownFileType = sourcecode.swift; path = RYLoginAndRegiserToast.swift; sourceTree = "<group>"; };
		98093A8B22603938001A5D9C /* RYLoginAndRegiserToast.xib */ = {isa = PBXFileReference; lastKnownFileType = file.xib; path = RYLoginAndRegiserToast.xib; sourceTree = "<group>"; };
		98093A8D226043C3001A5D9C /* RYBaseButton.swift */ = {isa = PBXFileReference; lastKnownFileType = sourcecode.swift; path = RYBaseButton.swift; sourceTree = "<group>"; };
		98093A902260706C001A5D9C /* RYLoginRequester.swift */ = {isa = PBXFileReference; lastKnownFileType = sourcecode.swift; path = RYLoginRequester.swift; sourceTree = "<group>"; };
		98093A92226072DC001A5D9C /* RYAPICenter.swift */ = {isa = PBXFileReference; lastKnownFileType = sourcecode.swift; path = RYAPICenter.swift; sourceTree = "<group>"; };
		98093A9422607D06001A5D9C /* RYIndicatorViewVisible.swift */ = {isa = PBXFileReference; lastKnownFileType = sourcecode.swift; path = RYIndicatorViewVisible.swift; sourceTree = "<group>"; };
		98093A96226099BA001A5D9C /* RYPreferencesFooterView.swift */ = {isa = PBXFileReference; lastKnownFileType = sourcecode.swift; path = RYPreferencesFooterView.swift; sourceTree = "<group>"; };
		98093A98226099C6001A5D9C /* RYPreferencesFooterView.xib */ = {isa = PBXFileReference; lastKnownFileType = file.xib; path = RYPreferencesFooterView.xib; sourceTree = "<group>"; };
		980BB17C2283D1E600BA548F /* Ad.storyboard */ = {isa = PBXFileReference; lastKnownFileType = file.storyboard; path = Ad.storyboard; sourceTree = "<group>"; };
		980BB17E2283D27A00BA548F /* RYAdsPage.swift */ = {isa = PBXFileReference; lastKnownFileType = sourcecode.swift; path = RYAdsPage.swift; sourceTree = "<group>"; };
		980C454A22CB072B00AF77B2 /* TencentOpenAPI.framework */ = {isa = PBXFileReference; lastKnownFileType = wrapper.framework; path = TencentOpenAPI.framework; sourceTree = "<group>"; };
		980C454E22CB09D100AF77B2 /* SystemConfiguration.framework */ = {isa = PBXFileReference; lastKnownFileType = wrapper.framework; name = SystemConfiguration.framework; path = System/Library/Frameworks/SystemConfiguration.framework; sourceTree = SDKROOT; };
		980C64EF231E0A4E0090E593 /* RYWebView.swift */ = {isa = PBXFileReference; lastKnownFileType = sourcecode.swift; path = RYWebView.swift; sourceTree = "<group>"; };
		980C64F2231E59930090E593 /* RYDebugCase.swift */ = {isa = PBXFileReference; lastKnownFileType = sourcecode.swift; path = RYDebugCase.swift; sourceTree = "<group>"; };
		980F0A722270014D00B1D571 /* Spirits-Bridging-Header.h */ = {isa = PBXFileReference; lastKnownFileType = sourcecode.c.h; path = "Spirits-Bridging-Header.h"; sourceTree = "<group>"; };
		980F0A732270084800B1D571 /* Spirits.entitlements */ = {isa = PBXFileReference; lastKnownFileType = text.plist.entitlements; path = Spirits.entitlements; sourceTree = "<group>"; };
		980F51D4231F6A090016C46F /* RYNewsSinglePicCell.swift */ = {isa = PBXFileReference; fileEncoding = 4; lastKnownFileType = sourcecode.swift; path = RYNewsSinglePicCell.swift; sourceTree = "<group>"; };
		980F51D5231F6A090016C46F /* RYNewsNoPicCell.swift */ = {isa = PBXFileReference; fileEncoding = 4; lastKnownFileType = sourcecode.swift; path = RYNewsNoPicCell.swift; sourceTree = "<group>"; };
		980F51D6231F6A090016C46F /* RYNewsThreePicsCell.swift */ = {isa = PBXFileReference; fileEncoding = 4; lastKnownFileType = sourcecode.swift; path = RYNewsThreePicsCell.swift; sourceTree = "<group>"; };
		980F51D7231F6A090016C46F /* RYNewsFlagCell.swift */ = {isa = PBXFileReference; fileEncoding = 4; lastKnownFileType = sourcecode.swift; path = RYNewsFlagCell.swift; sourceTree = "<group>"; };
		980F51D8231F6A090016C46F /* RYNewsVideoCell.swift */ = {isa = PBXFileReference; fileEncoding = 4; lastKnownFileType = sourcecode.swift; path = RYNewsVideoCell.swift; sourceTree = "<group>"; };
		980F51E0231F84710016C46F /* RYNewsRequester.swift */ = {isa = PBXFileReference; fileEncoding = 4; lastKnownFileType = sourcecode.swift; path = RYNewsRequester.swift; sourceTree = "<group>"; };
		980F51E2231F9EDA0016C46F /* RYNewsFlagCell.xib */ = {isa = PBXFileReference; lastKnownFileType = file.xib; path = RYNewsFlagCell.xib; sourceTree = "<group>"; };
		980F51E4231F9F510016C46F /* RYNewsSinglePicCell.xib */ = {isa = PBXFileReference; lastKnownFileType = file.xib; path = RYNewsSinglePicCell.xib; sourceTree = "<group>"; };
		980F51E6231FA1650016C46F /* RYNewsNoPicCell.xib */ = {isa = PBXFileReference; lastKnownFileType = file.xib; path = RYNewsNoPicCell.xib; sourceTree = "<group>"; };
		980F51E8231FA1E50016C46F /* RYNewsThreePicsCell.xib */ = {isa = PBXFileReference; lastKnownFileType = file.xib; path = RYNewsThreePicsCell.xib; sourceTree = "<group>"; };
		980F51EA231FA2DE0016C46F /* RYNewsVideoCell.xib */ = {isa = PBXFileReference; lastKnownFileType = file.xib; path = RYNewsVideoCell.xib; sourceTree = "<group>"; };
		980F51EC231FA9EA0016C46F /* RYNewsCollectionItemCell.swift */ = {isa = PBXFileReference; lastKnownFileType = sourcecode.swift; path = RYNewsCollectionItemCell.swift; sourceTree = "<group>"; };
		980F51ED231FA9EA0016C46F /* RYNewsCollectionItemCell.xib */ = {isa = PBXFileReference; lastKnownFileType = file.xib; path = RYNewsCollectionItemCell.xib; sourceTree = "<group>"; };
		980F51F0231FB0A60016C46F /* RYFlagsView.swift */ = {isa = PBXFileReference; lastKnownFileType = sourcecode.swift; path = RYFlagsView.swift; sourceTree = "<group>"; };
		980F51F2231FB0B00016C46F /* RYFlagsView.xib */ = {isa = PBXFileReference; lastKnownFileType = file.xib; path = RYFlagsView.xib; sourceTree = "<group>"; };
		980F51F4231FC2700016C46F /* RYWebPage.swift */ = {isa = PBXFileReference; lastKnownFileType = sourcecode.swift; path = RYWebPage.swift; sourceTree = "<group>"; };
		98102967228BF9ED0075945E /* RYLevelButton.swift */ = {isa = PBXFileReference; lastKnownFileType = sourcecode.swift; path = RYLevelButton.swift; sourceTree = "<group>"; };
		9810296A228C0EEB0075945E /* RYCoachMarksView.h */ = {isa = PBXFileReference; fileEncoding = 4; lastKnownFileType = sourcecode.c.h; path = RYCoachMarksView.h; sourceTree = "<group>"; };
		9810296D228C0EEB0075945E /* RYCoachMarksView.m */ = {isa = PBXFileReference; fileEncoding = 4; lastKnownFileType = sourcecode.c.objc; path = RYCoachMarksView.m; sourceTree = "<group>"; };
		98102970228C17460075945E /* RYCoachManager.swift */ = {isa = PBXFileReference; lastKnownFileType = sourcecode.swift; path = RYCoachManager.swift; sourceTree = "<group>"; };
		9812B6B9225EEFA3007ADA16 /* RYFavoritesContainerPage.swift */ = {isa = PBXFileReference; lastKnownFileType = sourcecode.swift; path = RYFavoritesContainerPage.swift; sourceTree = "<group>"; };
		9812B6BB225EF175007ADA16 /* RYFavoritesTopTypeCell.swift */ = {isa = PBXFileReference; lastKnownFileType = sourcecode.swift; path = RYFavoritesTopTypeCell.swift; sourceTree = "<group>"; };
		9812B6BC225EF175007ADA16 /* RYFavoritesTopTypeCell.xib */ = {isa = PBXFileReference; lastKnownFileType = file.xib; path = RYFavoritesTopTypeCell.xib; sourceTree = "<group>"; };
		9812B6BF225F062A007ADA16 /* RYFavoritesContentCell.swift */ = {isa = PBXFileReference; lastKnownFileType = sourcecode.swift; path = RYFavoritesContentCell.swift; sourceTree = "<group>"; };
		9812B6C0225F062A007ADA16 /* RYFavoritesContentCell.xib */ = {isa = PBXFileReference; lastKnownFileType = file.xib; path = RYFavoritesContentCell.xib; sourceTree = "<group>"; };
		9812B6C3225F1CA3007ADA16 /* RYIndexRecorder.swift */ = {isa = PBXFileReference; lastKnownFileType = sourcecode.swift; path = RYIndexRecorder.swift; sourceTree = "<group>"; };
		9812B6CB225F56D6007ADA16 /* RYLoginPannel.swift */ = {isa = PBXFileReference; lastKnownFileType = sourcecode.swift; path = RYLoginPannel.swift; sourceTree = "<group>"; };
		9816520C231CFC3500A92696 /* RYEntryPage.swift */ = {isa = PBXFileReference; lastKnownFileType = sourcecode.swift; path = RYEntryPage.swift; sourceTree = "<group>"; };
		98165210231D035900A92696 /* RYWebViewCell.swift */ = {isa = PBXFileReference; lastKnownFileType = sourcecode.swift; path = RYWebViewCell.swift; sourceTree = "<group>"; };
		98165211231D035900A92696 /* RYWebViewCell.xib */ = {isa = PBXFileReference; lastKnownFileType = file.xib; path = RYWebViewCell.xib; sourceTree = "<group>"; };
		98192B4D2265B02200D680FD /* RYSwipeViewBuffer.swift */ = {isa = PBXFileReference; lastKnownFileType = sourcecode.swift; path = RYSwipeViewBuffer.swift; sourceTree = "<group>"; };
		982420C1227160BB005B9D4F /* RYThirdPartiesShareManager.swift */ = {isa = PBXFileReference; fileEncoding = 4; lastKnownFileType = sourcecode.swift; path = RYThirdPartiesShareManager.swift; sourceTree = "<group>"; };
		98295A5322681F560057667A /* RYActivityIndicatorView.swift */ = {isa = PBXFileReference; fileEncoding = 4; lastKnownFileType = sourcecode.swift; path = RYActivityIndicatorView.swift; sourceTree = "<group>"; };
		98306A6A23C42DDB00431480 /* RYAdsLoader.swift */ = {isa = PBXFileReference; lastKnownFileType = sourcecode.swift; path = RYAdsLoader.swift; sourceTree = "<group>"; };
		983D34B32282887C00FE17AC /* RYAdsDataCenter.swift */ = {isa = PBXFileReference; lastKnownFileType = sourcecode.swift; path = RYAdsDataCenter.swift; sourceTree = "<group>"; };
		983D34B62282B84A00FE17AC /* String+Crypto.swift */ = {isa = PBXFileReference; lastKnownFileType = sourcecode.swift; path = "String+Crypto.swift"; sourceTree = "<group>"; };
		983D34B82282B8C600FE17AC /* Data+Crypto.swift */ = {isa = PBXFileReference; lastKnownFileType = sourcecode.swift; path = "Data+Crypto.swift"; sourceTree = "<group>"; };
		983F7CA7224A240B0050C7BD /* RYCardsPool.swift */ = {isa = PBXFileReference; lastKnownFileType = sourcecode.swift; path = RYCardsPool.swift; sourceTree = "<group>"; };
		983F7CA9224A24DC0050C7BD /* RYPreferencesPage.swift */ = {isa = PBXFileReference; lastKnownFileType = sourcecode.swift; path = RYPreferencesPage.swift; sourceTree = "<group>"; };
		983F7CAB224A25080050C7BD /* RYFavoritesPage.swift */ = {isa = PBXFileReference; lastKnownFileType = sourcecode.swift; path = RYFavoritesPage.swift; sourceTree = "<group>"; };
		983F7CAE224A2BB80050C7BD /* WebPage.storyboard */ = {isa = PBXFileReference; lastKnownFileType = file.storyboard; path = WebPage.storyboard; sourceTree = "<group>"; };
		983F7CB2224A2E9C0050C7BD /* RYWKLeakAvoider.swift */ = {isa = PBXFileReference; lastKnownFileType = sourcecode.swift; path = RYWKLeakAvoider.swift; sourceTree = "<group>"; };
		983F7CB6224A30510050C7BD /* StoryboardHelper.swift */ = {isa = PBXFileReference; lastKnownFileType = sourcecode.swift; path = StoryboardHelper.swift; sourceTree = "<group>"; };
		983F7CBC224A39FD0050C7BD /* RYFormatter.swift */ = {isa = PBXFileReference; fileEncoding = 4; lastKnownFileType = sourcecode.swift; path = RYFormatter.swift; sourceTree = "<group>"; };
		984BB2BA22699CF2008D2CDA /* RYDisplay.swift */ = {isa = PBXFileReference; fileEncoding = 4; lastKnownFileType = sourcecode.swift; path = RYDisplay.swift; sourceTree = "<group>"; };
		984BB2BD22699D7D008D2CDA /* launchImage3.5.png */ = {isa = PBXFileReference; lastKnownFileType = image.png; path = launchImage3.5.png; sourceTree = "<group>"; };
		984BB2BE22699D7D008D2CDA /* launchImage4.7.png */ = {isa = PBXFileReference; lastKnownFileType = image.png; path = launchImage4.7.png; sourceTree = "<group>"; };
		984BB2BF22699D7D008D2CDA /* launchImage5.8.png */ = {isa = PBXFileReference; lastKnownFileType = image.png; path = launchImage5.8.png; sourceTree = "<group>"; };
		984BB2C022699D7D008D2CDA /* launchImage6.5.png */ = {isa = PBXFileReference; lastKnownFileType = image.png; path = launchImage6.5.png; sourceTree = "<group>"; };
		984BB2C122699D7D008D2CDA /* launchImage6.1.png */ = {isa = PBXFileReference; lastKnownFileType = image.png; path = launchImage6.1.png; sourceTree = "<group>"; };
		984BB2C222699D7E008D2CDA /* launchImage5.5.png */ = {isa = PBXFileReference; lastKnownFileType = image.png; path = launchImage5.5.png; sourceTree = "<group>"; };
		984BB2C322699D7E008D2CDA /* launchImage4.png */ = {isa = PBXFileReference; lastKnownFileType = image.png; path = launchImage4.png; sourceTree = "<group>"; };
		984E6B0C23C843FC00A33A7D /* RYCountDownView.swift */ = {isa = PBXFileReference; lastKnownFileType = sourcecode.swift; path = RYCountDownView.swift; sourceTree = "<group>"; };
		9856CDE42284371C00AA2900 /* RYAdsCell.swift */ = {isa = PBXFileReference; lastKnownFileType = sourcecode.swift; path = RYAdsCell.swift; sourceTree = "<group>"; };
		9856CDE52284371C00AA2900 /* RYAdsCell.xib */ = {isa = PBXFileReference; lastKnownFileType = file.xib; path = RYAdsCell.xib; sourceTree = "<group>"; };
		9856CDE82284382D00AA2900 /* RYAdItemCollectionCell.swift */ = {isa = PBXFileReference; lastKnownFileType = sourcecode.swift; path = RYAdItemCollectionCell.swift; sourceTree = "<group>"; };
		9856CDE92284382D00AA2900 /* RYAdItemCollectionCell.xib */ = {isa = PBXFileReference; lastKnownFileType = file.xib; path = RYAdItemCollectionCell.xib; sourceTree = "<group>"; };
		986A3563225B2DB200137307 /* RYTypesShowPage.swift */ = {isa = PBXFileReference; lastKnownFileType = sourcecode.swift; path = RYTypesShowPage.swift; sourceTree = "<group>"; };
		986A356C225B47E700137307 /* RYTypeCell.swift */ = {isa = PBXFileReference; lastKnownFileType = sourcecode.swift; path = RYTypeCell.swift; sourceTree = "<group>"; };
		986A356E225B58EE00137307 /* RYShadowView.swift */ = {isa = PBXFileReference; lastKnownFileType = sourcecode.swift; path = RYShadowView.swift; sourceTree = "<group>"; };
		986EB85B228547B600145ED8 /* UIView+RoundCorner.swift */ = {isa = PBXFileReference; lastKnownFileType = sourcecode.swift; path = "UIView+RoundCorner.swift"; sourceTree = "<group>"; };
		986EB85D22854C5A00145ED8 /* RYAdsRecorder.swift */ = {isa = PBXFileReference; lastKnownFileType = sourcecode.swift; path = RYAdsRecorder.swift; sourceTree = "<group>"; };
		986EB85F2285532600145ED8 /* RYAdsView.swift */ = {isa = PBXFileReference; lastKnownFileType = sourcecode.swift; path = RYAdsView.swift; sourceTree = "<group>"; };
		986EB8612285533500145ED8 /* RYAdsView.xib */ = {isa = PBXFileReference; lastKnownFileType = file.xib; path = RYAdsView.xib; sourceTree = "<group>"; };
		986EB86322855AFB00145ED8 /* RYNibLoadable.swift */ = {isa = PBXFileReference; lastKnownFileType = sourcecode.swift; path = RYNibLoadable.swift; sourceTree = "<group>"; };
		9872529D22CCA76A00F7325A /* CoreTelephony.framework */ = {isa = PBXFileReference; lastKnownFileType = wrapper.framework; name = CoreTelephony.framework; path = System/Library/Frameworks/CoreTelephony.framework; sourceTree = SDKROOT; };
		9872529F22CCA77700F7325A /* CoreText.framework */ = {isa = PBXFileReference; lastKnownFileType = wrapper.framework; name = CoreText.framework; path = System/Library/Frameworks/CoreText.framework; sourceTree = SDKROOT; };
		987252A122CCA78000F7325A /* QuartzCore.framework */ = {isa = PBXFileReference; lastKnownFileType = wrapper.framework; name = QuartzCore.framework; path = System/Library/Frameworks/QuartzCore.framework; sourceTree = SDKROOT; };
		987252A322CCA78B00F7325A /* ImageIO.framework */ = {isa = PBXFileReference; lastKnownFileType = wrapper.framework; name = ImageIO.framework; path = System/Library/Frameworks/ImageIO.framework; sourceTree = SDKROOT; };
		987252A622CCA7A400F7325A /* Security.framework */ = {isa = PBXFileReference; lastKnownFileType = wrapper.framework; name = Security.framework; path = System/Library/Frameworks/Security.framework; sourceTree = SDKROOT; };
		987252A822CCA7AC00F7325A /* UIKit.framework */ = {isa = PBXFileReference; lastKnownFileType = wrapper.framework; name = UIKit.framework; path = System/Library/Frameworks/UIKit.framework; sourceTree = SDKROOT; };
		987252AA22CCA7B500F7325A /* Foundation.framework */ = {isa = PBXFileReference; lastKnownFileType = wrapper.framework; name = Foundation.framework; path = System/Library/Frameworks/Foundation.framework; sourceTree = SDKROOT; };
		987252AC22CCA7BD00F7325A /* CoreGraphics.framework */ = {isa = PBXFileReference; lastKnownFileType = wrapper.framework; name = CoreGraphics.framework; path = System/Library/Frameworks/CoreGraphics.framework; sourceTree = SDKROOT; };
		987252AE22CCA80C00F7325A /* libsqlite3.tbd */ = {isa = PBXFileReference; lastKnownFileType = "sourcecode.text-based-dylib-definition"; name = libsqlite3.tbd; path = usr/lib/libsqlite3.tbd; sourceTree = SDKROOT; };
		987252B022CCA81600F7325A /* libz.tbd */ = {isa = PBXFileReference; lastKnownFileType = "sourcecode.text-based-dylib-definition"; name = libz.tbd; path = usr/lib/libz.tbd; sourceTree = SDKROOT; };
		987252B322CCB86300F7325A /* WeiboSDK.bundle */ = {isa = PBXFileReference; lastKnownFileType = "wrapper.plug-in"; path = WeiboSDK.bundle; sourceTree = "<group>"; };
		987252B422CCB86300F7325A /* libWeiboSDK.a */ = {isa = PBXFileReference; lastKnownFileType = archive.ar; path = libWeiboSDK.a; sourceTree = "<group>"; };
		987252B522CCB86300F7325A /* WBHttpRequest.h */ = {isa = PBXFileReference; fileEncoding = 4; lastKnownFileType = sourcecode.c.h; path = WBHttpRequest.h; sourceTree = "<group>"; };
		987252B622CCB86300F7325A /* WeiboSDK.h */ = {isa = PBXFileReference; fileEncoding = 4; lastKnownFileType = sourcecode.c.h; path = WeiboSDK.h; sourceTree = "<group>"; };
		987252B922CCC30900F7325A /* Photos.framework */ = {isa = PBXFileReference; lastKnownFileType = wrapper.framework; name = Photos.framework; path = System/Library/Frameworks/Photos.framework; sourceTree = SDKROOT; };
		989ACDD12326216700520748 /* RYBaseNavigationController.swift */ = {isa = PBXFileReference; lastKnownFileType = sourcecode.swift; path = RYBaseNavigationController.swift; sourceTree = "<group>"; };
		98A04F892269AD0600F9AD53 /* RYDeviceInfoCollector.swift */ = {isa = PBXFileReference; fileEncoding = 4; lastKnownFileType = sourcecode.swift; path = RYDeviceInfoCollector.swift; sourceTree = "<group>"; };
		98A04F8A2269AD0700F9AD53 /* RYLaunchHelper.swift */ = {isa = PBXFileReference; fileEncoding = 4; lastKnownFileType = sourcecode.swift; path = RYLaunchHelper.swift; sourceTree = "<group>"; };
		98A04F8F2269B13400F9AD53 /* Launch.storyboard */ = {isa = PBXFileReference; fileEncoding = 4; lastKnownFileType = file.storyboard; path = Launch.storyboard; sourceTree = "<group>"; };
		98A04F902269B13400F9AD53 /* RYLanuchPage.swift */ = {isa = PBXFileReference; fileEncoding = 4; lastKnownFileType = sourcecode.swift; path = RYLanuchPage.swift; sourceTree = "<group>"; };
		98A04F932269B53700F9AD53 /* preparation.xcassets */ = {isa = PBXFileReference; lastKnownFileType = folder.assetcatalog; path = preparation.xcassets; sourceTree = "<group>"; };
		98AC4FC3224B166B00752490 /* RYNavigationController.swift */ = {isa = PBXFileReference; lastKnownFileType = sourcecode.swift; path = RYNavigationController.swift; sourceTree = "<group>"; };
		98D9406A232792660005BAC4 /* RYNewsTitleCell.swift */ = {isa = PBXFileReference; lastKnownFileType = sourcecode.swift; path = RYNewsTitleCell.swift; sourceTree = "<group>"; };
		98D9406B232792660005BAC4 /* RYNewsTitleCell.xib */ = {isa = PBXFileReference; lastKnownFileType = file.xib; path = RYNewsTitleCell.xib; sourceTree = "<group>"; };
		98DAE8E722C356DD004F15F5 /* RSA.m */ = {isa = PBXFileReference; fileEncoding = 4; lastKnownFileType = sourcecode.c.objc; path = RSA.m; sourceTree = "<group>"; };
		98DAE8E822C356DD004F15F5 /* RSA.h */ = {isa = PBXFileReference; fileEncoding = 4; lastKnownFileType = sourcecode.c.h; path = RSA.h; sourceTree = "<group>"; };
		98DAE8EA22C35CED004F15F5 /* RYEncryptHelper.swift */ = {isa = PBXFileReference; lastKnownFileType = sourcecode.swift; path = RYEncryptHelper.swift; sourceTree = "<group>"; };
		E5E752447522A204C39817BB /* Pods-Spirits.release.xcconfig */ = {isa = PBXFileReference; includeInIndex = 1; lastKnownFileType = text.xcconfig; name = "Pods-Spirits.release.xcconfig"; path = "Pods/Target Support Files/Pods-Spirits/Pods-Spirits.release.xcconfig"; sourceTree = "<group>"; };
/* End PBXFileReference section */

/* Begin PBXFrameworksBuildPhase section */
		980469482249F78A0098671B /* Frameworks */ = {
			isa = PBXFrameworksBuildPhase;
			buildActionMask = 2147483647;
			files = (
				987252BA22CCC30900F7325A /* Photos.framework in Frameworks */,
				798D84ED62EDBDEA42FA6006 /* Pods_Spirits.framework in Frameworks */,
				987252B822CCB86300F7325A /* libWeiboSDK.a in Frameworks */,
				980C454B22CB072B00AF77B2 /* TencentOpenAPI.framework in Frameworks */,
			);
			runOnlyForDeploymentPostprocessing = 0;
		};
/* End PBXFrameworksBuildPhase section */

/* Begin PBXGroup section */
		7FA0C7C90A6463963835FDAF /* Pods */ = {
			isa = PBXGroup;
			children = (
				8C1F6093431E4987FA462E04 /* Pods-Spirits.debug.xcconfig */,
				E5E752447522A204C39817BB /* Pods-Spirits.release.xcconfig */,
			);
			name = Pods;
			sourceTree = "<group>";
		};
		980469422249F78A0098671B = {
			isa = PBXGroup;
			children = (
				9804694D2249F78A0098671B /* Spirits */,
				9804694C2249F78A0098671B /* Products */,
				7FA0C7C90A6463963835FDAF /* Pods */,
				C2F3B5282320E175BCD60AD6 /* Frameworks */,
			);
			sourceTree = "<group>";
		};
		9804694C2249F78A0098671B /* Products */ = {
			isa = PBXGroup;
			children = (
				9804694B2249F78A0098671B /* Spirits.app */,
			);
			name = Products;
			sourceTree = "<group>";
		};
		9804694D2249F78A0098671B /* Spirits */ = {
			isa = PBXGroup;
			children = (
				987252B222CCB86300F7325A /* libWeiboSDK */,
				980C454A22CB072B00AF77B2 /* TencentOpenAPI.framework */,
				98A04F882269ABC200F9AD53 /* Preparation */,
				983D34B222827CC000FE17AC /* NewAdvertisements */,
				983F7CA6224A23BE0050C7BD /* HomePage */,
				983F7CB4224A30290050C7BD /* Helpers */,
				980745BB225C8F7100D1F9D2 /* Managers */,
				98AC4FC2224B163E00752490 /* Bases */,
				980F0A732270084800B1D571 /* Spirits.entitlements */,
				9804694E2249F78A0098671B /* AppDelegate.swift */,
				980469552249F78B0098671B /* Assets.xcassets */,
				9804695A2249F78B0098671B /* Info.plist */,
				980F0A722270014D00B1D571 /* Spirits-Bridging-Header.h */,
			);
			path = Spirits;
			sourceTree = "<group>";
		};
		98068C59226472FC0003CB8A /* RequestManager */ = {
			isa = PBXGroup;
			children = (
				98093A8F22606FFE001A5D9C /* LoginRequester */,
				98068C5C226489380003CB8A /* RYFavoritesRequester.swift */,
				98068C5A226473500003CB8A /* RYTypeListRequestManager.swift */,
			);
			path = RequestManager;
			sourceTree = "<group>";
		};
		980745B8225C76A400D1F9D2 /* Views */ = {
			isa = PBXGroup;
			children = (
				98093A8D226043C3001A5D9C /* RYBaseButton.swift */,
				98102967228BF9ED0075945E /* RYLevelButton.swift */,
				986A356E225B58EE00137307 /* RYShadowView.swift */,
				980745B2225C450000D1F9D2 /* RYGradientView.swift */,
				98093A8722602D09001A5D9C /* RYBaseTextField.swift */,
				98093A89226038EA001A5D9C /* RYLoginAndRegiserToast.swift */,
				98093A8B22603938001A5D9C /* RYLoginAndRegiserToast.xib */,
				98093A96226099BA001A5D9C /* RYPreferencesFooterView.swift */,
				98093A98226099C6001A5D9C /* RYPreferencesFooterView.xib */,
			);
			path = Views;
			sourceTree = "<group>";
		};
		980745BB225C8F7100D1F9D2 /* Managers */ = {
			isa = PBXGroup;
			children = (
				980745BC225C8FB300D1F9D2 /* RYUserDefaultCenter.swift */,
				980745BE225C906E00D1F9D2 /* RYProfileCenter.swift */,
				98093A92226072DC001A5D9C /* RYAPICenter.swift */,
				98068C532264266D0003CB8A /* RYAPIRequester.swift */,
				98068C5E226490A50003CB8A /* RYRequestProtocol.swift */,
			);
			path = Managers;
			sourceTree = "<group>";
		};
		980745C2225C95B300D1F9D2 /* ViewModels */ = {
			isa = PBXGroup;
			children = (
				980745C0225C95A700D1F9D2 /* RYIndexPathRecorder.swift */,
				980745CB225DCCAA00D1F9D2 /* RYCellFolder.swift */,
				9812B6C3225F1CA3007ADA16 /* RYIndexRecorder.swift */,
				98192B4D2265B02200D680FD /* RYSwipeViewBuffer.swift */,
				986EB85D22854C5A00145ED8 /* RYAdsRecorder.swift */,
			);
			path = ViewModels;
			sourceTree = "<group>";
		};
		98093A8F22606FFE001A5D9C /* LoginRequester */ = {
			isa = PBXGroup;
			children = (
				98093A902260706C001A5D9C /* RYLoginRequester.swift */,
			);
			path = LoginRequester;
			sourceTree = "<group>";
		};
		980C64EE231E0A300090E593 /* Views */ = {
			isa = PBXGroup;
			children = (
				980C64EF231E0A4E0090E593 /* RYWebView.swift */,
				9800EDB22328DA0A00505974 /* RYAwardToastView.swift */,
				9800EDB42328DA1F00505974 /* RYAwardToastView.xib */,
				984E6B0C23C843FC00A33A7D /* RYCountDownView.swift */,
			);
			path = Views;
			sourceTree = "<group>";
		};
		980C64F1231E594F0090E593 /* ViewModel */ = {
			isa = PBXGroup;
			children = (
				980C64F2231E59930090E593 /* RYDebugCase.swift */,
			);
			path = ViewModel;
			sourceTree = "<group>";
		};
		980F51DE231F842B0016C46F /* Cells */ = {
			isa = PBXGroup;
			children = (
				980F51D5231F6A090016C46F /* RYNewsNoPicCell.swift */,
				980F51E6231FA1650016C46F /* RYNewsNoPicCell.xib */,
				980F51D4231F6A090016C46F /* RYNewsSinglePicCell.swift */,
				980F51E4231F9F510016C46F /* RYNewsSinglePicCell.xib */,
				980F51D6231F6A090016C46F /* RYNewsThreePicsCell.swift */,
				980F51E8231FA1E50016C46F /* RYNewsThreePicsCell.xib */,
				980F51D8231F6A090016C46F /* RYNewsVideoCell.swift */,
				980F51EA231FA2DE0016C46F /* RYNewsVideoCell.xib */,
				980F51D7231F6A090016C46F /* RYNewsFlagCell.swift */,
				980F51E2231F9EDA0016C46F /* RYNewsFlagCell.xib */,
				980F51F0231FB0A60016C46F /* RYFlagsView.swift */,
				980F51F2231FB0B00016C46F /* RYFlagsView.xib */,
				980F51EC231FA9EA0016C46F /* RYNewsCollectionItemCell.swift */,
				980F51ED231FA9EA0016C46F /* RYNewsCollectionItemCell.xib */,
				98D9406A232792660005BAC4 /* RYNewsTitleCell.swift */,
				98D9406B232792660005BAC4 /* RYNewsTitleCell.xib */,
			);
			path = Cells;
			sourceTree = "<group>";
		};
		980F51DF231F84340016C46F /* DataManager */ = {
			isa = PBXGroup;
			children = (
				980F51E0231F84710016C46F /* RYNewsRequester.swift */,
				98306A6A23C42DDB00431480 /* RYAdsLoader.swift */,
			);
			path = DataManager;
			sourceTree = "<group>";
		};
		98102969228C0EB90075945E /* CoachMarks */ = {
			isa = PBXGroup;
			children = (
				9810296A228C0EEB0075945E /* RYCoachMarksView.h */,
				9810296D228C0EEB0075945E /* RYCoachMarksView.m */,
				98102970228C17460075945E /* RYCoachManager.swift */,
			);
			path = CoachMarks;
			sourceTree = "<group>";
		};
		9816520E231CFF6D00A92696 /* Cells */ = {
			isa = PBXGroup;
			children = (
				98165210231D035900A92696 /* RYWebViewCell.swift */,
				98165211231D035900A92696 /* RYWebViewCell.xib */,
			);
			path = Cells;
			sourceTree = "<group>";
		};
		9816520F231CFF7400A92696 /* Controllers */ = {
			isa = PBXGroup;
			children = (
				9816520C231CFC3500A92696 /* RYEntryPage.swift */,
				980F51F4231FC2700016C46F /* RYWebPage.swift */,
			);
			path = Controllers;
			sourceTree = "<group>";
		};
		98165214231D166600A92696 /* News */ = {
			isa = PBXGroup;
			children = (
				980F51DF231F84340016C46F /* DataManager */,
				980F51DE231F842B0016C46F /* Cells */,
			);
			path = News;
			sourceTree = "<group>";
		};
		98295A5222681EC10057667A /* Protocols */ = {
			isa = PBXGroup;
			children = (
				980745CD225DEDFE00D1F9D2 /* RYShakeable.swift */,
				98093A9422607D06001A5D9C /* RYIndicatorViewVisible.swift */,
				986EB86322855AFB00145ED8 /* RYNibLoadable.swift */,
			);
			path = Protocols;
			sourceTree = "<group>";
		};
		98306A6923C42CEB00431480 /* Encrypt */ = {
			isa = PBXGroup;
			children = (
				980603D022C22D5B008C72E9 /* RYEncryptor.swift */,
				98DAE8EA22C35CED004F15F5 /* RYEncryptHelper.swift */,
				98DAE8E822C356DD004F15F5 /* RSA.h */,
				98DAE8E722C356DD004F15F5 /* RSA.m */,
			);
			path = Encrypt;
			sourceTree = "<group>";
		};
		983D34B222827CC000FE17AC /* NewAdvertisements */ = {
			isa = PBXGroup;
			children = (
				9856CDE3228436F600AA2900 /* Cells */,
				9856CDE1228436D000AA2900 /* Controllers */,
				9856CDE2228436DD00AA2900 /* AdsManager */,
				980BB17C2283D1E600BA548F /* Ad.storyboard */,
			);
			path = NewAdvertisements;
			sourceTree = "<group>";
		};
		983D34B52282B80400FE17AC /* Extensions */ = {
			isa = PBXGroup;
			children = (
				983D34B62282B84A00FE17AC /* String+Crypto.swift */,
				983D34B82282B8C600FE17AC /* Data+Crypto.swift */,
				986EB85B228547B600145ED8 /* UIView+RoundCorner.swift */,
			);
			path = Extensions;
			sourceTree = "<group>";
		};
		983F7CA3224A217F0050C7BD /* LaunchScreen */ = {
			isa = PBXGroup;
			children = (
				98A04F8F2269B13400F9AD53 /* Launch.storyboard */,
				98A04F902269B13400F9AD53 /* RYLanuchPage.swift */,
				984BB2BC22699D5B008D2CDA /* LaunchImages */,
			);
			path = LaunchScreen;
			sourceTree = "<group>";
		};
		983F7CA6224A23BE0050C7BD /* HomePage */ = {
			isa = PBXGroup;
			children = (
				986A3569225B311200137307 /* ViewControllers */,
				986A356B225B312600137307 /* Cells */,
				980745B8225C76A400D1F9D2 /* Views */,
				986A356A225B312000137307 /* Models */,
				980745C2225C95B300D1F9D2 /* ViewModels */,
				98068C59226472FC0003CB8A /* RequestManager */,
				980469522249F78A0098671B /* Main.storyboard */,
			);
			path = HomePage;
			sourceTree = "<group>";
		};
		983F7CAD224A29920050C7BD /* WebPage */ = {
			isa = PBXGroup;
			children = (
				9816520F231CFF7400A92696 /* Controllers */,
				980C64EE231E0A300090E593 /* Views */,
				980C64F1231E594F0090E593 /* ViewModel */,
				9816520E231CFF6D00A92696 /* Cells */,
				983F7CB2224A2E9C0050C7BD /* RYWKLeakAvoider.swift */,
				983F7CAE224A2BB80050C7BD /* WebPage.storyboard */,
			);
			path = WebPage;
			sourceTree = "<group>";
		};
		983F7CB4224A30290050C7BD /* Helpers */ = {
			isa = PBXGroup;
			children = (
				98102969228C0EB90075945E /* CoachMarks */,
				98295A5222681EC10057667A /* Protocols */,
				983D34B52282B80400FE17AC /* Extensions */,
				983F7CB6224A30510050C7BD /* StoryboardHelper.swift */,
				980745B0225C3FAC00D1F9D2 /* RYColors.swift */,
				98295A5322681F560057667A /* RYActivityIndicatorView.swift */,
			);
			path = Helpers;
			sourceTree = "<group>";
		};
		984BB2BC22699D5B008D2CDA /* LaunchImages */ = {
			isa = PBXGroup;
			children = (
				984BB2BD22699D7D008D2CDA /* launchImage3.5.png */,
				984BB2C322699D7E008D2CDA /* launchImage4.png */,
				984BB2BE22699D7D008D2CDA /* launchImage4.7.png */,
				984BB2C222699D7E008D2CDA /* launchImage5.5.png */,
				984BB2BF22699D7D008D2CDA /* launchImage5.8.png */,
				984BB2C122699D7D008D2CDA /* launchImage6.1.png */,
				984BB2C022699D7D008D2CDA /* launchImage6.5.png */,
			);
			path = LaunchImages;
			sourceTree = "<group>";
		};
		9856CDE1228436D000AA2900 /* Controllers */ = {
			isa = PBXGroup;
			children = (
				980BB17E2283D27A00BA548F /* RYAdsPage.swift */,
			);
			path = Controllers;
			sourceTree = "<group>";
		};
		9856CDE2228436DD00AA2900 /* AdsManager */ = {
			isa = PBXGroup;
			children = (
				983D34B32282887C00FE17AC /* RYAdsDataCenter.swift */,
			);
			path = AdsManager;
			sourceTree = "<group>";
		};
		9856CDE3228436F600AA2900 /* Cells */ = {
			isa = PBXGroup;
			children = (
				9856CDE42284371C00AA2900 /* RYAdsCell.swift */,
				9856CDE52284371C00AA2900 /* RYAdsCell.xib */,
				986EB85F2285532600145ED8 /* RYAdsView.swift */,
				986EB8612285533500145ED8 /* RYAdsView.xib */,
				9856CDE82284382D00AA2900 /* RYAdItemCollectionCell.swift */,
				9856CDE92284382D00AA2900 /* RYAdItemCollectionCell.xib */,
			);
			path = Cells;
			sourceTree = "<group>";
		};
		986A3569225B311200137307 /* ViewControllers */ = {
			isa = PBXGroup;
			children = (
				986A3563225B2DB200137307 /* RYTypesShowPage.swift */,
				983F7CA9224A24DC0050C7BD /* RYPreferencesPage.swift */,
				983F7CA7224A240B0050C7BD /* RYCardsPool.swift */,
				9812B6B9225EEFA3007ADA16 /* RYFavoritesContainerPage.swift */,
				983F7CAB224A25080050C7BD /* RYFavoritesPage.swift */,
				980745C3225D97BF00D1F9D2 /* RYPublishPage.swift */,
				9812B6CB225F56D6007ADA16 /* RYLoginPannel.swift */,
			);
			path = ViewControllers;
			sourceTree = "<group>";
		};
		986A356A225B312000137307 /* Models */ = {
			isa = PBXGroup;
			children = (
				98068C55226454C90003CB8A /* RYTypeItem.swift */,
				98068C5722646D570003CB8A /* RYTypeContentItem.swift */,
			);
			path = Models;
			sourceTree = "<group>";
		};
		986A356B225B312600137307 /* Cells */ = {
			isa = PBXGroup;
			children = (
				986A356C225B47E700137307 /* RYTypeCell.swift */,
				980745B9225C76F900D1F9D2 /* RYProfileCell.swift */,
				980745C5225D9C3F00D1F9D2 /* RYPublishChooseTypeCell.swift */,
				980745C7225D9C6500D1F9D2 /* RYPublishTitleFillCell.swift */,
				980745C9225D9C7700D1F9D2 /* RYPublishContentFillCell.swift */,
				9812B6BB225EF175007ADA16 /* RYFavoritesTopTypeCell.swift */,
				9812B6BC225EF175007ADA16 /* RYFavoritesTopTypeCell.xib */,
				9812B6BF225F062A007ADA16 /* RYFavoritesContentCell.swift */,
				9812B6C0225F062A007ADA16 /* RYFavoritesContentCell.xib */,
			);
			path = Cells;
			sourceTree = "<group>";
		};
		987252B222CCB86300F7325A /* libWeiboSDK */ = {
			isa = PBXGroup;
			children = (
				987252B322CCB86300F7325A /* WeiboSDK.bundle */,
				987252B422CCB86300F7325A /* libWeiboSDK.a */,
				987252B522CCB86300F7325A /* WBHttpRequest.h */,
				987252B622CCB86300F7325A /* WeiboSDK.h */,
			);
			path = libWeiboSDK;
			sourceTree = "<group>";
		};
		989ACDCE232620AD00520748 /* Helpers */ = {
			isa = PBXGroup;
			children = (
				98306A6923C42CEB00431480 /* Encrypt */,
				982420C1227160BB005B9D4F /* RYThirdPartiesShareManager.swift */,
				989ACDD12326216700520748 /* RYBaseNavigationController.swift */,
				98A04F8A2269AD0700F9AD53 /* RYLaunchHelper.swift */,
				98A04F892269AD0600F9AD53 /* RYDeviceInfoCollector.swift */,
				984BB2BA22699CF2008D2CDA /* RYDisplay.swift */,
				983F7CBC224A39FD0050C7BD /* RYFormatter.swift */,
			);
			path = Helpers;
			sourceTree = "<group>";
		};
		98A04F882269ABC200F9AD53 /* Preparation */ = {
			isa = PBXGroup;
			children = (
				983F7CA3224A217F0050C7BD /* LaunchScreen */,
				983F7CAD224A29920050C7BD /* WebPage */,
				98165214231D166600A92696 /* News */,
				989ACDCE232620AD00520748 /* Helpers */,
				98A04F932269B53700F9AD53 /* preparation.xcassets */,
			);
			path = Preparation;
			sourceTree = "<group>";
		};
		98AC4FC2224B163E00752490 /* Bases */ = {
			isa = PBXGroup;
			children = (
				98AC4FC3224B166B00752490 /* RYNavigationController.swift */,
				980745B4225C4AB600D1F9D2 /* RYBasedViewController.swift */,
				980745B6225C4C9600D1F9D2 /* RYBasedCollectionViewCell.swift */,
			);
			path = Bases;
			sourceTree = "<group>";
		};
		C2F3B5282320E175BCD60AD6 /* Frameworks */ = {
			isa = PBXGroup;
			children = (
				987252B922CCC30900F7325A /* Photos.framework */,
				987252B022CCA81600F7325A /* libz.tbd */,
				987252AE22CCA80C00F7325A /* libsqlite3.tbd */,
				987252AC22CCA7BD00F7325A /* CoreGraphics.framework */,
				987252AA22CCA7B500F7325A /* Foundation.framework */,
				987252A822CCA7AC00F7325A /* UIKit.framework */,
				987252A622CCA7A400F7325A /* Security.framework */,
				987252A322CCA78B00F7325A /* ImageIO.framework */,
				987252A122CCA78000F7325A /* QuartzCore.framework */,
				9872529F22CCA77700F7325A /* CoreText.framework */,
				9872529D22CCA76A00F7325A /* CoreTelephony.framework */,
				980C454E22CB09D100AF77B2 /* SystemConfiguration.framework */,
				27F677C219CD82559BFE571A /* Pods_Spirits.framework */,
			);
			name = Frameworks;
			sourceTree = "<group>";
		};
/* End PBXGroup section */

/* Begin PBXNativeTarget section */
		9804694A2249F78A0098671B /* Spirits */ = {
			isa = PBXNativeTarget;
			buildConfigurationList = 9804695D2249F78B0098671B /* Build configuration list for PBXNativeTarget "Spirits" */;
			buildPhases = (
				B1944307D66FAA10F0BD246F /* [CP] Check Pods Manifest.lock */,
				980469472249F78A0098671B /* Sources */,
				980469482249F78A0098671B /* Frameworks */,
				980469492249F78A0098671B /* Resources */,
				2B0261C255CAB4102993E4EC /* [CP] Embed Pods Frameworks */,
				56F6083A972B2CA652200EE6 /* [CP] Copy Pods Resources */,
			);
			buildRules = (
			);
			dependencies = (
			);
			name = Spirits;
			productName = Spirits;
			productReference = 9804694B2249F78A0098671B /* Spirits.app */;
			productType = "com.apple.product-type.application";
		};
/* End PBXNativeTarget section */

/* Begin PBXProject section */
		980469432249F78A0098671B /* Project object */ = {
			isa = PBXProject;
			attributes = {
				CLASSPREFIX = RY;
				LastSwiftUpdateCheck = 1010;
				LastUpgradeCheck = 1120;
				ORGANIZATIONNAME = RuiYu;
				TargetAttributes = {
					9804694A2249F78A0098671B = {
						CreatedOnToolsVersion = 10.1;
						LastSwiftMigration = 1020;
						SystemCapabilities = {
							com.apple.Push = {
								enabled = 1;
							};
						};
					};
				};
			};
			buildConfigurationList = 980469462249F78A0098671B /* Build configuration list for PBXProject "Spirits" */;
			compatibilityVersion = "Xcode 9.3";
			developmentRegion = en;
			hasScannedForEncodings = 0;
			knownRegions = (
				en,
				Base,
			);
			mainGroup = 980469422249F78A0098671B;
			productRefGroup = 9804694C2249F78A0098671B /* Products */;
			projectDirPath = "";
			projectRoot = "";
			targets = (
				9804694A2249F78A0098671B /* Spirits */,
			);
		};
/* End PBXProject section */

/* Begin PBXResourcesBuildPhase section */
		980469492249F78A0098671B /* Resources */ = {
			isa = PBXResourcesBuildPhase;
			buildActionMask = 2147483647;
			files = (
				98165213231D035900A92696 /* RYWebViewCell.xib in Resources */,
				984BB2C522699D7E008D2CDA /* launchImage4.7.png in Resources */,
				9856CDEB2284382D00AA2900 /* RYAdItemCollectionCell.xib in Resources */,
				9856CDE72284371C00AA2900 /* RYAdsCell.xib in Resources */,
				984BB2C622699D7E008D2CDA /* launchImage5.8.png in Resources */,
				983F7CAF224A2BB80050C7BD /* WebPage.storyboard in Resources */,
				980F51E7231FA1650016C46F /* RYNewsNoPicCell.xib in Resources */,
				980F51E5231F9F510016C46F /* RYNewsSinglePicCell.xib in Resources */,
				980F51EB231FA2DE0016C46F /* RYNewsVideoCell.xib in Resources */,
				98093A8C22603938001A5D9C /* RYLoginAndRegiserToast.xib in Resources */,
				980F51E9231FA1E50016C46F /* RYNewsThreePicsCell.xib in Resources */,
				984BB2C722699D7E008D2CDA /* launchImage6.5.png in Resources */,
				98A04F942269B53700F9AD53 /* preparation.xcassets in Resources */,
				986EB8622285533500145ED8 /* RYAdsView.xib in Resources */,
				984BB2C922699D7E008D2CDA /* launchImage5.5.png in Resources */,
				984BB2C422699D7E008D2CDA /* launchImage3.5.png in Resources */,
				984BB2C822699D7E008D2CDA /* launchImage6.1.png in Resources */,
				98093A99226099C6001A5D9C /* RYPreferencesFooterView.xib in Resources */,
				9800EDB52328DA1F00505974 /* RYAwardToastView.xib in Resources */,
				984BB2CA22699D7E008D2CDA /* launchImage4.png in Resources */,
				980469562249F78B0098671B /* Assets.xcassets in Resources */,
				98D9406D232792660005BAC4 /* RYNewsTitleCell.xib in Resources */,
				98A04F912269B13400F9AD53 /* Launch.storyboard in Resources */,
				980F51F3231FB0B00016C46F /* RYFlagsView.xib in Resources */,
				9812B6BE225EF175007ADA16 /* RYFavoritesTopTypeCell.xib in Resources */,
				980BB17D2283D1E600BA548F /* Ad.storyboard in Resources */,
				980F51E3231F9EDA0016C46F /* RYNewsFlagCell.xib in Resources */,
				980F51EF231FA9EA0016C46F /* RYNewsCollectionItemCell.xib in Resources */,
				987252B722CCB86300F7325A /* WeiboSDK.bundle in Resources */,
				9812B6C2225F062A007ADA16 /* RYFavoritesContentCell.xib in Resources */,
				980469542249F78A0098671B /* Main.storyboard in Resources */,
			);
			runOnlyForDeploymentPostprocessing = 0;
		};
/* End PBXResourcesBuildPhase section */

/* Begin PBXShellScriptBuildPhase section */
		2B0261C255CAB4102993E4EC /* [CP] Embed Pods Frameworks */ = {
			isa = PBXShellScriptBuildPhase;
			buildActionMask = 2147483647;
			files = (
			);
			inputFileListPaths = (
				"${PODS_ROOT}/Target Support Files/Pods-Spirits/Pods-Spirits-frameworks-${CONFIGURATION}-input-files.xcfilelist",
			);
			name = "[CP] Embed Pods Frameworks";
			outputFileListPaths = (
				"${PODS_ROOT}/Target Support Files/Pods-Spirits/Pods-Spirits-frameworks-${CONFIGURATION}-output-files.xcfilelist",
			);
			runOnlyForDeploymentPostprocessing = 0;
			shellPath = /bin/sh;
			shellScript = "\"${PODS_ROOT}/Target Support Files/Pods-Spirits/Pods-Spirits-frameworks.sh\"\n";
			showEnvVarsInLog = 0;
		};
		56F6083A972B2CA652200EE6 /* [CP] Copy Pods Resources */ = {
			isa = PBXShellScriptBuildPhase;
			buildActionMask = 2147483647;
			files = (
			);
			inputFileListPaths = (
				"${PODS_ROOT}/Target Support Files/Pods-Spirits/Pods-Spirits-resources-${CONFIGURATION}-input-files.xcfilelist",
			);
			name = "[CP] Copy Pods Resources";
			outputFileListPaths = (
				"${PODS_ROOT}/Target Support Files/Pods-Spirits/Pods-Spirits-resources-${CONFIGURATION}-output-files.xcfilelist",
			);
			runOnlyForDeploymentPostprocessing = 0;
			shellPath = /bin/sh;
			shellScript = "\"${PODS_ROOT}/Target Support Files/Pods-Spirits/Pods-Spirits-resources.sh\"\n";
			showEnvVarsInLog = 0;
		};
		B1944307D66FAA10F0BD246F /* [CP] Check Pods Manifest.lock */ = {
			isa = PBXShellScriptBuildPhase;
			buildActionMask = 2147483647;
			files = (
			);
			inputPaths = (
				"${PODS_PODFILE_DIR_PATH}/Podfile.lock",
				"${PODS_ROOT}/Manifest.lock",
			);
			name = "[CP] Check Pods Manifest.lock";
			outputPaths = (
				"$(DERIVED_FILE_DIR)/Pods-Spirits-checkManifestLockResult.txt",
			);
			runOnlyForDeploymentPostprocessing = 0;
			shellPath = /bin/sh;
			shellScript = "diff \"${PODS_PODFILE_DIR_PATH}/Podfile.lock\" \"${PODS_ROOT}/Manifest.lock\" > /dev/null\nif [ $? != 0 ] ; then\n    # print error to STDERR\n    echo \"error: The sandbox is not in sync with the Podfile.lock. Run 'pod install' or update your CocoaPods installation.\" >&2\n    exit 1\nfi\n# This output is used by Xcode 'outputs' to avoid re-running this script phase.\necho \"SUCCESS\" > \"${SCRIPT_OUTPUT_FILE_0}\"\n";
			showEnvVarsInLog = 0;
		};
/* End PBXShellScriptBuildPhase section */

/* Begin PBXSourcesBuildPhase section */
		980469472249F78A0098671B /* Sources */ = {
			isa = PBXSourcesBuildPhase;
			buildActionMask = 2147483647;
			files = (
				9856CDE62284371C00AA2900 /* RYAdsCell.swift in Sources */,
				983F7CAA224A24DC0050C7BD /* RYPreferencesPage.swift in Sources */,
				980C64F3231E59930090E593 /* RYDebugCase.swift in Sources */,
				980745CA225D9C7700D1F9D2 /* RYPublishContentFillCell.swift in Sources */,
				98093A8822602D09001A5D9C /* RYBaseTextField.swift in Sources */,
				980745C6225D9C3F00D1F9D2 /* RYPublishChooseTypeCell.swift in Sources */,
				98093A8A226038EA001A5D9C /* RYLoginAndRegiserToast.swift in Sources */,
				980F51DC231F6A090016C46F /* RYNewsFlagCell.swift in Sources */,
				98068C542264266D0003CB8A /* RYAPIRequester.swift in Sources */,
				983F7CAC224A25080050C7BD /* RYFavoritesPage.swift in Sources */,
				98295A5422681F560057667A /* RYActivityIndicatorView.swift in Sources */,
				980745C8225D9C6500D1F9D2 /* RYPublishTitleFillCell.swift in Sources */,
				980C64F0231E0A4E0090E593 /* RYWebView.swift in Sources */,
				983D34B72282B84A00FE17AC /* String+Crypto.swift in Sources */,
				98068C5B226473500003CB8A /* RYTypeListRequestManager.swift in Sources */,
				980F51EE231FA9EA0016C46F /* RYNewsCollectionItemCell.swift in Sources */,
				982420C2227160BB005B9D4F /* RYThirdPartiesShareManager.swift in Sources */,
				9810296F228C0EEB0075945E /* RYCoachMarksView.m in Sources */,
				983F7CB3224A2E9C0050C7BD /* RYWKLeakAvoider.swift in Sources */,
				98068C5D226489380003CB8A /* RYFavoritesRequester.swift in Sources */,
				9800EDB32328DA0A00505974 /* RYAwardToastView.swift in Sources */,
				98093A9522607D06001A5D9C /* RYIndicatorViewVisible.swift in Sources */,
				98093A93226072DC001A5D9C /* RYAPICenter.swift in Sources */,
				9812B6CC225F56D6007ADA16 /* RYLoginPannel.swift in Sources */,
				986A3564225B2DB200137307 /* RYTypesShowPage.swift in Sources */,
				984BB2BB22699CF2008D2CDA /* RYDisplay.swift in Sources */,
				980745B1225C3FAC00D1F9D2 /* RYColors.swift in Sources */,
				9812B6BD225EF175007ADA16 /* RYFavoritesTopTypeCell.swift in Sources */,
				983F7CA8224A240B0050C7BD /* RYCardsPool.swift in Sources */,
				980745B3225C450000D1F9D2 /* RYGradientView.swift in Sources */,
				98A04F8B2269AD0700F9AD53 /* RYDeviceInfoCollector.swift in Sources */,
				980745B7225C4C9600D1F9D2 /* RYBasedCollectionViewCell.swift in Sources */,
				980603D122C22D5B008C72E9 /* RYEncryptor.swift in Sources */,
				980F51F5231FC2700016C46F /* RYWebPage.swift in Sources */,
				9816520D231CFC3500A92696 /* RYEntryPage.swift in Sources */,
				9812B6BA225EEFA3007ADA16 /* RYFavoritesContainerPage.swift in Sources */,
				98DAE8EB22C35CED004F15F5 /* RYEncryptHelper.swift in Sources */,
				986A356D225B47E700137307 /* RYTypeCell.swift in Sources */,
				98068C5F226490A50003CB8A /* RYRequestProtocol.swift in Sources */,
				9812B6C1225F062A007ADA16 /* RYFavoritesContentCell.swift in Sources */,
				980F51DB231F6A090016C46F /* RYNewsThreePicsCell.swift in Sources */,
				986EB8602285532600145ED8 /* RYAdsView.swift in Sources */,
				98192B4E2265B02200D680FD /* RYSwipeViewBuffer.swift in Sources */,
				980745BF225C906E00D1F9D2 /* RYProfileCenter.swift in Sources */,
				986A356F225B58EE00137307 /* RYShadowView.swift in Sources */,
				98165212231D035900A92696 /* RYWebViewCell.swift in Sources */,
				98093A912260706C001A5D9C /* RYLoginRequester.swift in Sources */,
				986EB85E22854C5A00145ED8 /* RYAdsRecorder.swift in Sources */,
				98DAE8E922C356DE004F15F5 /* RSA.m in Sources */,
				989ACDD22326216700520748 /* RYBaseNavigationController.swift in Sources */,
				984E6B0D23C843FC00A33A7D /* RYCountDownView.swift in Sources */,
				98102968228BF9ED0075945E /* RYLevelButton.swift in Sources */,
				98A04F922269B13400F9AD53 /* RYLanuchPage.swift in Sources */,
				983F7CBD224A39FD0050C7BD /* RYFormatter.swift in Sources */,
				980745BD225C8FB300D1F9D2 /* RYUserDefaultCenter.swift in Sources */,
				98D9406C232792660005BAC4 /* RYNewsTitleCell.swift in Sources */,
				980745CE225DEDFE00D1F9D2 /* RYShakeable.swift in Sources */,
				98068C56226454C90003CB8A /* RYTypeItem.swift in Sources */,
				980745CC225DCCAA00D1F9D2 /* RYCellFolder.swift in Sources */,
				980745C4225D97BF00D1F9D2 /* RYPublishPage.swift in Sources */,
				980F51DD231F6A090016C46F /* RYNewsVideoCell.swift in Sources */,
				98068C5822646D570003CB8A /* RYTypeContentItem.swift in Sources */,
				980745C1225C95A700D1F9D2 /* RYIndexPathRecorder.swift in Sources */,
				980F51D9231F6A090016C46F /* RYNewsSinglePicCell.swift in Sources */,
				98093A97226099BA001A5D9C /* RYPreferencesFooterView.swift in Sources */,
				980745B5225C4AB600D1F9D2 /* RYBasedViewController.swift in Sources */,
				980F51F1231FB0A60016C46F /* RYFlagsView.swift in Sources */,
				986EB86422855AFB00145ED8 /* RYNibLoadable.swift in Sources */,
				98093A8E226043C3001A5D9C /* RYBaseButton.swift in Sources */,
				98A04F8C2269AD0700F9AD53 /* RYLaunchHelper.swift in Sources */,
				9804694F2249F78A0098671B /* AppDelegate.swift in Sources */,
				980745BA225C76F900D1F9D2 /* RYProfileCell.swift in Sources */,
				9856CDEA2284382D00AA2900 /* RYAdItemCollectionCell.swift in Sources */,
				983F7CB7224A30510050C7BD /* StoryboardHelper.swift in Sources */,
				9812B6C4225F1CA3007ADA16 /* RYIndexRecorder.swift in Sources */,
				983D34B42282887C00FE17AC /* RYAdsDataCenter.swift in Sources */,
				983D34B92282B8C600FE17AC /* Data+Crypto.swift in Sources */,
				980F51E1231F84710016C46F /* RYNewsRequester.swift in Sources */,
				98102971228C17460075945E /* RYCoachManager.swift in Sources */,
				98AC4FC4224B166B00752490 /* RYNavigationController.swift in Sources */,
				98306A6B23C42DDB00431480 /* RYAdsLoader.swift in Sources */,
				986EB85C228547B600145ED8 /* UIView+RoundCorner.swift in Sources */,
				980BB17F2283D27A00BA548F /* RYAdsPage.swift in Sources */,
				980F51DA231F6A090016C46F /* RYNewsNoPicCell.swift in Sources */,
			);
			runOnlyForDeploymentPostprocessing = 0;
		};
/* End PBXSourcesBuildPhase section */

/* Begin PBXVariantGroup section */
		980469522249F78A0098671B /* Main.storyboard */ = {
			isa = PBXVariantGroup;
			children = (
				980469532249F78A0098671B /* Base */,
			);
			name = Main.storyboard;
			sourceTree = "<group>";
		};
/* End PBXVariantGroup section */

/* Begin XCBuildConfiguration section */
		9804695B2249F78B0098671B /* Debug */ = {
			isa = XCBuildConfiguration;
			buildSettings = {
				ALWAYS_SEARCH_USER_PATHS = NO;
				CLANG_ANALYZER_NONNULL = YES;
				CLANG_ANALYZER_NUMBER_OBJECT_CONVERSION = YES_AGGRESSIVE;
				CLANG_CXX_LANGUAGE_STANDARD = "gnu++14";
				CLANG_CXX_LIBRARY = "libc++";
				CLANG_ENABLE_MODULES = YES;
				CLANG_ENABLE_OBJC_ARC = YES;
				CLANG_ENABLE_OBJC_WEAK = YES;
				CLANG_WARN_BLOCK_CAPTURE_AUTORELEASING = YES;
				CLANG_WARN_BOOL_CONVERSION = YES;
				CLANG_WARN_COMMA = YES;
				CLANG_WARN_CONSTANT_CONVERSION = YES;
				CLANG_WARN_DEPRECATED_OBJC_IMPLEMENTATIONS = YES;
				CLANG_WARN_DIRECT_OBJC_ISA_USAGE = YES_ERROR;
				CLANG_WARN_DOCUMENTATION_COMMENTS = YES;
				CLANG_WARN_EMPTY_BODY = YES;
				CLANG_WARN_ENUM_CONVERSION = YES;
				CLANG_WARN_INFINITE_RECURSION = YES;
				CLANG_WARN_INT_CONVERSION = YES;
				CLANG_WARN_NON_LITERAL_NULL_CONVERSION = YES;
				CLANG_WARN_OBJC_IMPLICIT_RETAIN_SELF = YES;
				CLANG_WARN_OBJC_LITERAL_CONVERSION = YES;
				CLANG_WARN_OBJC_ROOT_CLASS = YES_ERROR;
				CLANG_WARN_RANGE_LOOP_ANALYSIS = YES;
				CLANG_WARN_STRICT_PROTOTYPES = YES;
				CLANG_WARN_SUSPICIOUS_MOVE = YES;
				CLANG_WARN_UNGUARDED_AVAILABILITY = YES_AGGRESSIVE;
				CLANG_WARN_UNREACHABLE_CODE = YES;
				CLANG_WARN__DUPLICATE_METHOD_MATCH = YES;
				CODE_SIGN_IDENTITY = "iPhone Developer";
				COPY_PHASE_STRIP = NO;
				DEBUG_INFORMATION_FORMAT = dwarf;
				ENABLE_STRICT_OBJC_MSGSEND = YES;
				ENABLE_TESTABILITY = YES;
				FRAMEWORK_SEARCH_PATHS = "";
				GCC_C_LANGUAGE_STANDARD = gnu11;
				GCC_DYNAMIC_NO_PIC = NO;
				GCC_NO_COMMON_BLOCKS = YES;
				GCC_OPTIMIZATION_LEVEL = 0;
				GCC_PREPROCESSOR_DEFINITIONS = (
					"DEBUG=1",
					"$(inherited)",
				);
				GCC_WARN_64_TO_32_BIT_CONVERSION = YES;
				GCC_WARN_ABOUT_RETURN_TYPE = YES_ERROR;
				GCC_WARN_UNDECLARED_SELECTOR = YES;
				GCC_WARN_UNINITIALIZED_AUTOS = YES_AGGRESSIVE;
				GCC_WARN_UNUSED_FUNCTION = YES;
				GCC_WARN_UNUSED_VARIABLE = YES;
				IPHONEOS_DEPLOYMENT_TARGET = 12.1;
				MTL_ENABLE_DEBUG_INFO = INCLUDE_SOURCE;
				MTL_FAST_MATH = YES;
				ONLY_ACTIVE_ARCH = YES;
				SDKROOT = iphoneos;
				SWIFT_ACTIVE_COMPILATION_CONDITIONS = DEBUG;
				SWIFT_OPTIMIZATION_LEVEL = "-Onone";
			};
			name = Debug;
		};
		9804695C2249F78B0098671B /* Release */ = {
			isa = XCBuildConfiguration;
			buildSettings = {
				ALWAYS_SEARCH_USER_PATHS = NO;
				CLANG_ANALYZER_NONNULL = YES;
				CLANG_ANALYZER_NUMBER_OBJECT_CONVERSION = YES_AGGRESSIVE;
				CLANG_CXX_LANGUAGE_STANDARD = "gnu++14";
				CLANG_CXX_LIBRARY = "libc++";
				CLANG_ENABLE_MODULES = YES;
				CLANG_ENABLE_OBJC_ARC = YES;
				CLANG_ENABLE_OBJC_WEAK = YES;
				CLANG_WARN_BLOCK_CAPTURE_AUTORELEASING = YES;
				CLANG_WARN_BOOL_CONVERSION = YES;
				CLANG_WARN_COMMA = YES;
				CLANG_WARN_CONSTANT_CONVERSION = YES;
				CLANG_WARN_DEPRECATED_OBJC_IMPLEMENTATIONS = YES;
				CLANG_WARN_DIRECT_OBJC_ISA_USAGE = YES_ERROR;
				CLANG_WARN_DOCUMENTATION_COMMENTS = YES;
				CLANG_WARN_EMPTY_BODY = YES;
				CLANG_WARN_ENUM_CONVERSION = YES;
				CLANG_WARN_INFINITE_RECURSION = YES;
				CLANG_WARN_INT_CONVERSION = YES;
				CLANG_WARN_NON_LITERAL_NULL_CONVERSION = YES;
				CLANG_WARN_OBJC_IMPLICIT_RETAIN_SELF = YES;
				CLANG_WARN_OBJC_LITERAL_CONVERSION = YES;
				CLANG_WARN_OBJC_ROOT_CLASS = YES_ERROR;
				CLANG_WARN_RANGE_LOOP_ANALYSIS = YES;
				CLANG_WARN_STRICT_PROTOTYPES = YES;
				CLANG_WARN_SUSPICIOUS_MOVE = YES;
				CLANG_WARN_UNGUARDED_AVAILABILITY = YES_AGGRESSIVE;
				CLANG_WARN_UNREACHABLE_CODE = YES;
				CLANG_WARN__DUPLICATE_METHOD_MATCH = YES;
				CODE_SIGN_IDENTITY = "iPhone Developer";
				COPY_PHASE_STRIP = NO;
				DEBUG_INFORMATION_FORMAT = "dwarf-with-dsym";
				ENABLE_NS_ASSERTIONS = NO;
				ENABLE_STRICT_OBJC_MSGSEND = YES;
				FRAMEWORK_SEARCH_PATHS = "";
				GCC_C_LANGUAGE_STANDARD = gnu11;
				GCC_NO_COMMON_BLOCKS = YES;
				GCC_WARN_64_TO_32_BIT_CONVERSION = YES;
				GCC_WARN_ABOUT_RETURN_TYPE = YES_ERROR;
				GCC_WARN_UNDECLARED_SELECTOR = YES;
				GCC_WARN_UNINITIALIZED_AUTOS = YES_AGGRESSIVE;
				GCC_WARN_UNUSED_FUNCTION = YES;
				GCC_WARN_UNUSED_VARIABLE = YES;
				IPHONEOS_DEPLOYMENT_TARGET = 12.1;
				MTL_ENABLE_DEBUG_INFO = NO;
				MTL_FAST_MATH = YES;
				SDKROOT = iphoneos;
				SWIFT_COMPILATION_MODE = wholemodule;
				SWIFT_OPTIMIZATION_LEVEL = "-O";
				VALIDATE_PRODUCT = YES;
			};
			name = Release;
		};
		9804695E2249F78B0098671B /* Debug */ = {
			isa = XCBuildConfiguration;
			baseConfigurationReference = 8C1F6093431E4987FA462E04 /* Pods-Spirits.debug.xcconfig */;
			buildSettings = {
				ASSETCATALOG_COMPILER_APPICON_NAME = AppIcon;
				ASSETCATALOG_COMPILER_LAUNCHIMAGE_NAME = LaunchImage;
				CODE_SIGN_ENTITLEMENTS = Spirits/Spirits.entitlements;
				CODE_SIGN_STYLE = Automatic;
				CURRENT_PROJECT_VERSION = 1.0.4.1;
				DEVELOPMENT_TEAM = 7PSA7A9D36;
				FRAMEWORK_SEARCH_PATHS = (
					"$(inherited)",
					"$(PROJECT_DIR)/Spirits",
				);
				HEADER_SEARCH_PATHS = (
					"$(inherited)",
					"\"${PODS_CONFIGURATION_BUILD_DIR}/Alamofire/Alamofire.framework/Headers\"",
					"\"${PODS_CONFIGURATION_BUILD_DIR}/CryptoSwift/CryptoSwift.framework/Headers\"",
					"\"${PODS_CONFIGURATION_BUILD_DIR}/Kingfisher/Kingfisher.framework/Headers\"",
					"\"${PODS_CONFIGURATION_BUILD_DIR}/Toast-Swift/Toast_Swift.framework/Headers\"",
					"\"${PODS_ROOT}/Headers/Public\"",
					"\"${PODS_ROOT}/Headers/Public/JPush\"",
					"\"${PODS_ROOT}/Headers/Public/WechatOpenSDK\"",
				);
				INFOPLIST_FILE = Spirits/Info.plist;
				IPHONEOS_DEPLOYMENT_TARGET = 10.0;
				LD_RUNPATH_SEARCH_PATHS = (
					"$(inherited)",
					"@executable_path/Frameworks",
				);
				LIBRARY_SEARCH_PATHS = (
					"$(inherited)",
					"$(PROJECT_DIR)/Spirits/libWeiboSDK",
				);
				MARKETING_VERSION = 1.0.4;
				ONLY_ACTIVE_ARCH = YES;
				OTHER_LDFLAGS = (
					"$(inherited)",
					"-ObjC",
					"-l\"WeChatSDK\"",
					"-l\"c++\"",
					"-l\"jcore-ios-1.2.2\"",
					"-l\"jpush-ios-3.1.0\"",
					"-l\"resolv\"",
					"-l\"sqlite3.0\"",
					"-l\"z\"",
					"-framework",
					"\"Alamofire\"",
					"-framework",
					"\"CFNetwork\"",
					"-framework",
					"\"CoreFoundation\"",
					"-framework",
					"\"CoreGraphics\"",
					"-framework",
					"\"CoreTelephony\"",
					"-framework",
					"\"CryptoSwift\"",
					"-framework",
					"\"Foundation\"",
					"-framework",
					"\"Kingfisher\"",
					"-framework",
					"\"QuartzCore\"",
					"-framework",
					"\"Security\"",
					"-framework",
					"\"SystemConfiguration\"",
					"-framework",
					"\"Toast_Swift\"",
					"-framework",
					"\"UIKit\"",
					"-weak_framework",
					"\"UserNotifications\"",
				);
				PRODUCT_BUNDLE_IDENTIFIER = com.ruiyu.miaozhao;
				PRODUCT_NAME = "$(TARGET_NAME)";
				SWIFT_OBJC_BRIDGING_HEADER = "Spirits/Spirits-Bridging-Header.h";
				SWIFT_VERSION = 5.0;
				TARGETED_DEVICE_FAMILY = 1;
				VALID_ARCHS = "arm64 arm64e armv7 armv7s i386 x86_64";
			};
			name = Debug;
		};
		9804695F2249F78B0098671B /* Release */ = {
			isa = XCBuildConfiguration;
			baseConfigurationReference = E5E752447522A204C39817BB /* Pods-Spirits.release.xcconfig */;
			buildSettings = {
				ASSETCATALOG_COMPILER_APPICON_NAME = AppIcon;
				ASSETCATALOG_COMPILER_LAUNCHIMAGE_NAME = LaunchImage;
				CODE_SIGN_ENTITLEMENTS = Spirits/Spirits.entitlements;
				CODE_SIGN_STYLE = Automatic;
				CURRENT_PROJECT_VERSION = 1.0.4.1;
				DEVELOPMENT_TEAM = 7PSA7A9D36;
				FRAMEWORK_SEARCH_PATHS = (
					"$(inherited)",
					"$(PROJECT_DIR)/Spirits",
				);
				HEADER_SEARCH_PATHS = (
					"$(inherited)",
					"\"${PODS_CONFIGURATION_BUILD_DIR}/Alamofire/Alamofire.framework/Headers\"",
					"\"${PODS_CONFIGURATION_BUILD_DIR}/CryptoSwift/CryptoSwift.framework/Headers\"",
					"\"${PODS_CONFIGURATION_BUILD_DIR}/Kingfisher/Kingfisher.framework/Headers\"",
					"\"${PODS_CONFIGURATION_BUILD_DIR}/Toast-Swift/Toast_Swift.framework/Headers\"",
					"\"${PODS_ROOT}/Headers/Public\"",
					"\"${PODS_ROOT}/Headers/Public/JPush\"",
					"\"${PODS_ROOT}/Headers/Public/WechatOpenSDK\"",
				);
				INFOPLIST_FILE = Spirits/Info.plist;
				IPHONEOS_DEPLOYMENT_TARGET = 10.0;
				LD_RUNPATH_SEARCH_PATHS = (
					"$(inherited)",
					"@executable_path/Frameworks",
				);
				LIBRARY_SEARCH_PATHS = (
					"$(inherited)",
					"$(PROJECT_DIR)/Spirits/libWeiboSDK",
				);
				MARKETING_VERSION = 1.0.4;
				ONLY_ACTIVE_ARCH = NO;
				OTHER_LDFLAGS = (
					"$(inherited)",
					"-ObjC",
					"-l\"WeChatSDK\"",
					"-l\"c++\"",
					"-l\"jcore-ios-1.2.2\"",
					"-l\"jpush-ios-3.1.0\"",
					"-l\"resolv\"",
					"-l\"sqlite3.0\"",
					"-l\"z\"",
					"-framework",
					"\"Alamofire\"",
					"-framework",
					"\"CFNetwork\"",
					"-framework",
					"\"CoreFoundation\"",
					"-framework",
					"\"CoreGraphics\"",
					"-framework",
					"\"CoreTelephony\"",
					"-framework",
					"\"CryptoSwift\"",
					"-framework",
					"\"Foundation\"",
					"-framework",
					"\"Kingfisher\"",
					"-framework",
					"\"QuartzCore\"",
					"-framework",
					"\"Security\"",
					"-framework",
					"\"SystemConfiguration\"",
					"-framework",
					"\"Toast_Swift\"",
					"-framework",
					"\"UIKit\"",
					"-weak_framework",
					"\"UserNotifications\"",
				);
				PRODUCT_BUNDLE_IDENTIFIER = com.ruiyu.miaozhao;
				PRODUCT_NAME = "$(TARGET_NAME)";
				SWIFT_OBJC_BRIDGING_HEADER = "Spirits/Spirits-Bridging-Header.h";
				SWIFT_VERSION = 5.0;
				TARGETED_DEVICE_FAMILY = 1;
				VALID_ARCHS = "arm64 arm64e armv7 armv7s i386 x86_64";
			};
			name = Release;
		};
/* End XCBuildConfiguration section */

/* Begin XCConfigurationList section */
		980469462249F78A0098671B /* Build configuration list for PBXProject "Spirits" */ = {
			isa = XCConfigurationList;
			buildConfigurations = (
				9804695B2249F78B0098671B /* Debug */,
				9804695C2249F78B0098671B /* Release */,
			);
			defaultConfigurationIsVisible = 0;
			defaultConfigurationName = Release;
		};
		9804695D2249F78B0098671B /* Build configuration list for PBXNativeTarget "Spirits" */ = {
			isa = XCConfigurationList;
			buildConfigurations = (
				9804695E2249F78B0098671B /* Debug */,
				9804695F2249F78B0098671B /* Release */,
			);
			defaultConfigurationIsVisible = 0;
			defaultConfigurationName = Release;
		};
/* End XCConfigurationList section */
	};
	rootObject = 980469432249F78A0098671B /* Project object */;
}
